// !$*UTF8*$!
{
	archiveVersion = 1;
	classes = {
	};
	objectVersion = 55;
	objects = {

/* Begin PBXBuildFile section */
		45DD729928BE387B007AA9D5 /* AppDelegate.swift in Sources */ = {isa = PBXBuildFile; fileRef = 45DD729828BE387B007AA9D5 /* AppDelegate.swift */; };
		45DD729B28BE387B007AA9D5 /* SceneDelegate.swift in Sources */ = {isa = PBXBuildFile; fileRef = 45DD729A28BE387B007AA9D5 /* SceneDelegate.swift */; };
		45DD729D28BE387B007AA9D5 /* ViewController.swift in Sources */ = {isa = PBXBuildFile; fileRef = 45DD729C28BE387B007AA9D5 /* ViewController.swift */; };
		45DD72A028BE387B007AA9D5 /* Main.storyboard in Resources */ = {isa = PBXBuildFile; fileRef = 45DD729E28BE387B007AA9D5 /* Main.storyboard */; };
		45DD72A528BE387C007AA9D5 /* Assets.xcassets in Resources */ = {isa = PBXBuildFile; fileRef = 45DD72A428BE387C007AA9D5 /* Assets.xcassets */; };
		45DD72A828BE387C007AA9D5 /* LaunchScreen.storyboard in Resources */ = {isa = PBXBuildFile; fileRef = 45DD72A628BE387C007AA9D5 /* LaunchScreen.storyboard */; };
		45DD72B328BE387C007AA9D5 /* KisilerUygulamaTasarimiTests.swift in Sources */ = {isa = PBXBuildFile; fileRef = 45DD72B228BE387C007AA9D5 /* KisilerUygulamaTasarimiTests.swift */; };
		45DD72BD28BE387C007AA9D5 /* KisilerUygulamaTasarimiUITests.swift in Sources */ = {isa = PBXBuildFile; fileRef = 45DD72BC28BE387C007AA9D5 /* KisilerUygulamaTasarimiUITests.swift */; };
		45DD72BF28BE387C007AA9D5 /* KisilerUygulamaTasarimiUITestsLaunchTests.swift in Sources */ = {isa = PBXBuildFile; fileRef = 45DD72BE28BE387C007AA9D5 /* KisilerUygulamaTasarimiUITestsLaunchTests.swift */; };
		45DD72CF28BE3B73007AA9D5 /* ViewControllerAdd.swift in Sources */ = {isa = PBXBuildFile; fileRef = 45DD72CE28BE3B73007AA9D5 /* ViewControllerAdd.swift */; };
		45DD72D128BE3BA0007AA9D5 /* ViewControllerUpdate.swift in Sources */ = {isa = PBXBuildFile; fileRef = 45DD72D028BE3BA0007AA9D5 /* ViewControllerUpdate.swift */; };
		45DD72D428BE42B0007AA9D5 /* KisilerUygulamaTasarimi.xcdatamodeld in Sources */ = {isa = PBXBuildFile; fileRef = 45DD72D228BE42B0007AA9D5 /* KisilerUygulamaTasarimi.xcdatamodeld */; };
/* End PBXBuildFile section */

/* Begin PBXContainerItemProxy section */
		45DD72AF28BE387C007AA9D5 /* PBXContainerItemProxy */ = {
			isa = PBXContainerItemProxy;
			containerPortal = 45DD728D28BE387B007AA9D5 /* Project object */;
			proxyType = 1;
			remoteGlobalIDString = 45DD729428BE387B007AA9D5;
			remoteInfo = KisilerUygulamaTasarimi;
		};
		45DD72B928BE387C007AA9D5 /* PBXContainerItemProxy */ = {
			isa = PBXContainerItemProxy;
			containerPortal = 45DD728D28BE387B007AA9D5 /* Project object */;
			proxyType = 1;
			remoteGlobalIDString = 45DD729428BE387B007AA9D5;
			remoteInfo = KisilerUygulamaTasarimi;
		};
/* End PBXContainerItemProxy section */

/* Begin PBXFileReference section */
		45DD729528BE387B007AA9D5 /* KisilerUygulamaTasarimi.app */ = {isa = PBXFileReference; explicitFileType = wrapper.application; includeInIndex = 0; path = KisilerUygulamaTasarimi.app; sourceTree = BUILT_PRODUCTS_DIR; };
		45DD729828BE387B007AA9D5 /* AppDelegate.swift */ = {isa = PBXFileReference; lastKnownFileType = sourcecode.swift; path = AppDelegate.swift; sourceTree = "<group>"; };
		45DD729A28BE387B007AA9D5 /* SceneDelegate.swift */ = {isa = PBXFileReference; lastKnownFileType = sourcecode.swift; path = SceneDelegate.swift; sourceTree = "<group>"; };
		45DD729C28BE387B007AA9D5 /* ViewController.swift */ = {isa = PBXFileReference; lastKnownFileType = sourcecode.swift; path = ViewController.swift; sourceTree = "<group>"; };
		45DD729F28BE387B007AA9D5 /* Base */ = {isa = PBXFileReference; lastKnownFileType = file.storyboard; name = Base; path = Base.lproj/Main.storyboard; sourceTree = "<group>"; };
		45DD72A428BE387C007AA9D5 /* Assets.xcassets */ = {isa = PBXFileReference; lastKnownFileType = folder.assetcatalog; path = Assets.xcassets; sourceTree = "<group>"; };
		45DD72A728BE387C007AA9D5 /* Base */ = {isa = PBXFileReference; lastKnownFileType = file.storyboard; name = Base; path = Base.lproj/LaunchScreen.storyboard; sourceTree = "<group>"; };
		45DD72A928BE387C007AA9D5 /* Info.plist */ = {isa = PBXFileReference; lastKnownFileType = text.plist.xml; path = Info.plist; sourceTree = "<group>"; };
		45DD72AE28BE387C007AA9D5 /* KisilerUygulamaTasarimiTests.xctest */ = {isa = PBXFileReference; explicitFileType = wrapper.cfbundle; includeInIndex = 0; path = KisilerUygulamaTasarimiTests.xctest; sourceTree = BUILT_PRODUCTS_DIR; };
		45DD72B228BE387C007AA9D5 /* KisilerUygulamaTasarimiTests.swift */ = {isa = PBXFileReference; lastKnownFileType = sourcecode.swift; path = KisilerUygulamaTasarimiTests.swift; sourceTree = "<group>"; };
		45DD72B828BE387C007AA9D5 /* KisilerUygulamaTasarimiUITests.xctest */ = {isa = PBXFileReference; explicitFileType = wrapper.cfbundle; includeInIndex = 0; path = KisilerUygulamaTasarimiUITests.xctest; sourceTree = BUILT_PRODUCTS_DIR; };
		45DD72BC28BE387C007AA9D5 /* KisilerUygulamaTasarimiUITests.swift */ = {isa = PBXFileReference; lastKnownFileType = sourcecode.swift; path = KisilerUygulamaTasarimiUITests.swift; sourceTree = "<group>"; };
		45DD72BE28BE387C007AA9D5 /* KisilerUygulamaTasarimiUITestsLaunchTests.swift */ = {isa = PBXFileReference; lastKnownFileType = sourcecode.swift; path = KisilerUygulamaTasarimiUITestsLaunchTests.swift; sourceTree = "<group>"; };
		45DD72CE28BE3B73007AA9D5 /* ViewControllerAdd.swift */ = {isa = PBXFileReference; lastKnownFileType = sourcecode.swift; path = ViewControllerAdd.swift; sourceTree = "<group>"; };
		45DD72D028BE3BA0007AA9D5 /* ViewControllerUpdate.swift */ = {isa = PBXFileReference; lastKnownFileType = sourcecode.swift; path = ViewControllerUpdate.swift; sourceTree = "<group>"; };
		45DD72D328BE42B0007AA9D5 /* KisilerUygulamaTasarimi.xcdatamodel */ = {isa = PBXFileReference; lastKnownFileType = wrapper.xcdatamodel; path = KisilerUygulamaTasarimi.xcdatamodel; sourceTree = "<group>"; };
/* End PBXFileReference section */

/* Begin PBXFrameworksBuildPhase section */
		45DD729228BE387B007AA9D5 /* Frameworks */ = {
			isa = PBXFrameworksBuildPhase;
			buildActionMask = 2147483647;
			files = (
			);
			runOnlyForDeploymentPostprocessing = 0;
		};
		45DD72AB28BE387C007AA9D5 /* Frameworks */ = {
			isa = PBXFrameworksBuildPhase;
			buildActionMask = 2147483647;
			files = (
			);
			runOnlyForDeploymentPostprocessing = 0;
		};
		45DD72B528BE387C007AA9D5 /* Frameworks */ = {
			isa = PBXFrameworksBuildPhase;
			buildActionMask = 2147483647;
			files = (
			);
			runOnlyForDeploymentPostprocessing = 0;
		};
/* End PBXFrameworksBuildPhase section */

/* Begin PBXGroup section */
		45DD728C28BE387B007AA9D5 = {
			isa = PBXGroup;
			children = (
				45DD729728BE387B007AA9D5 /* KisilerUygulamaTasarimi */,
				45DD72B128BE387C007AA9D5 /* KisilerUygulamaTasarimiTests */,
				45DD72BB28BE387C007AA9D5 /* KisilerUygulamaTasarimiUITests */,
				45DD729628BE387B007AA9D5 /* Products */,
			);
			sourceTree = "<group>";
		};
		45DD729628BE387B007AA9D5 /* Products */ = {
			isa = PBXGroup;
			children = (
				45DD729528BE387B007AA9D5 /* KisilerUygulamaTasarimi.app */,
				45DD72AE28BE387C007AA9D5 /* KisilerUygulamaTasarimiTests.xctest */,
				45DD72B828BE387C007AA9D5 /* KisilerUygulamaTasarimiUITests.xctest */,
			);
			name = Products;
			sourceTree = "<group>";
		};
		45DD729728BE387B007AA9D5 /* KisilerUygulamaTasarimi */ = {
			isa = PBXGroup;
			children = (
				45DD72D228BE42B0007AA9D5 /* KisilerUygulamaTasarimi.xcdatamodeld */,
				45DD729828BE387B007AA9D5 /* AppDelegate.swift */,
				45DD729A28BE387B007AA9D5 /* SceneDelegate.swift */,
				45DD729C28BE387B007AA9D5 /* ViewController.swift */,
				45DD729E28BE387B007AA9D5 /* Main.storyboard */,
				45DD72A428BE387C007AA9D5 /* Assets.xcassets */,
				45DD72A628BE387C007AA9D5 /* LaunchScreen.storyboard */,
				45DD72A928BE387C007AA9D5 /* Info.plist */,
				45DD72CE28BE3B73007AA9D5 /* ViewControllerAdd.swift */,
				45DD72D028BE3BA0007AA9D5 /* ViewControllerUpdate.swift */,
			);
			path = KisilerUygulamaTasarimi;
			sourceTree = "<group>";
		};
		45DD72B128BE387C007AA9D5 /* KisilerUygulamaTasarimiTests */ = {
			isa = PBXGroup;
			children = (
				45DD72B228BE387C007AA9D5 /* KisilerUygulamaTasarimiTests.swift */,
			);
			path = KisilerUygulamaTasarimiTests;
			sourceTree = "<group>";
		};
		45DD72BB28BE387C007AA9D5 /* KisilerUygulamaTasarimiUITests */ = {
			isa = PBXGroup;
			children = (
				45DD72BC28BE387C007AA9D5 /* KisilerUygulamaTasarimiUITests.swift */,
				45DD72BE28BE387C007AA9D5 /* KisilerUygulamaTasarimiUITestsLaunchTests.swift */,
			);
			path = KisilerUygulamaTasarimiUITests;
			sourceTree = "<group>";
		};
/* End PBXGroup section */

/* Begin PBXNativeTarget section */
		45DD729428BE387B007AA9D5 /* KisilerUygulamaTasarimi */ = {
			isa = PBXNativeTarget;
			buildConfigurationList = 45DD72C228BE387C007AA9D5 /* Build configuration list for PBXNativeTarget "KisilerUygulamaTasarimi" */;
			buildPhases = (
				45DD729128BE387B007AA9D5 /* Sources */,
				45DD729228BE387B007AA9D5 /* Frameworks */,
				45DD729328BE387B007AA9D5 /* Resources */,
			);
			buildRules = (
			);
			dependencies = (
			);
			name = KisilerUygulamaTasarimi;
			productName = KisilerUygulamaTasarimi;
			productReference = 45DD729528BE387B007AA9D5 /* KisilerUygulamaTasarimi.app */;
			productType = "com.apple.product-type.application";
		};
		45DD72AD28BE387C007AA9D5 /* KisilerUygulamaTasarimiTests */ = {
			isa = PBXNativeTarget;
			buildConfigurationList = 45DD72C528BE387C007AA9D5 /* Build configuration list for PBXNativeTarget "KisilerUygulamaTasarimiTests" */;
			buildPhases = (
				45DD72AA28BE387C007AA9D5 /* Sources */,
				45DD72AB28BE387C007AA9D5 /* Frameworks */,
				45DD72AC28BE387C007AA9D5 /* Resources */,
			);
			buildRules = (
			);
			dependencies = (
				45DD72B028BE387C007AA9D5 /* PBXTargetDependency */,
			);
			name = KisilerUygulamaTasarimiTests;
			productName = KisilerUygulamaTasarimiTests;
			productReference = 45DD72AE28BE387C007AA9D5 /* KisilerUygulamaTasarimiTests.xctest */;
			productType = "com.apple.product-type.bundle.unit-test";
		};
		45DD72B728BE387C007AA9D5 /* KisilerUygulamaTasarimiUITests */ = {
			isa = PBXNativeTarget;
			buildConfigurationList = 45DD72C828BE387C007AA9D5 /* Build configuration list for PBXNativeTarget "KisilerUygulamaTasarimiUITests" */;
			buildPhases = (
				45DD72B428BE387C007AA9D5 /* Sources */,
				45DD72B528BE387C007AA9D5 /* Frameworks */,
				45DD72B628BE387C007AA9D5 /* Resources */,
			);
			buildRules = (
			);
			dependencies = (
				45DD72BA28BE387C007AA9D5 /* PBXTargetDependency */,
			);
			name = KisilerUygulamaTasarimiUITests;
			productName = KisilerUygulamaTasarimiUITests;
			productReference = 45DD72B828BE387C007AA9D5 /* KisilerUygulamaTasarimiUITests.xctest */;
			productType = "com.apple.product-type.bundle.ui-testing";
		};
/* End PBXNativeTarget section */

/* Begin PBXProject section */
		45DD728D28BE387B007AA9D5 /* Project object */ = {
			isa = PBXProject;
			attributes = {
				BuildIndependentTargetsInParallel = 1;
				LastSwiftUpdateCheck = 1340;
				LastUpgradeCheck = 1340;
				TargetAttributes = {
					45DD729428BE387B007AA9D5 = {
						CreatedOnToolsVersion = 13.4.1;
					};
					45DD72AD28BE387C007AA9D5 = {
						CreatedOnToolsVersion = 13.4.1;
						TestTargetID = 45DD729428BE387B007AA9D5;
					};
					45DD72B728BE387C007AA9D5 = {
						CreatedOnToolsVersion = 13.4.1;
						TestTargetID = 45DD729428BE387B007AA9D5;
					};
				};
			};
			buildConfigurationList = 45DD729028BE387B007AA9D5 /* Build configuration list for PBXProject "KisilerUygulamaTasarimi" */;
			compatibilityVersion = "Xcode 13.0";
			developmentRegion = en;
			hasScannedForEncodings = 0;
			knownRegions = (
				en,
				Base,
			);
			mainGroup = 45DD728C28BE387B007AA9D5;
			productRefGroup = 45DD729628BE387B007AA9D5 /* Products */;
			projectDirPath = "";
			projectRoot = "";
			targets = (
				45DD729428BE387B007AA9D5 /* KisilerUygulamaTasarimi */,
				45DD72AD28BE387C007AA9D5 /* KisilerUygulamaTasarimiTests */,
				45DD72B728BE387C007AA9D5 /* KisilerUygulamaTasarimiUITests */,
			);
		};
/* End PBXProject section */

/* Begin PBXResourcesBuildPhase section */
		45DD729328BE387B007AA9D5 /* Resources */ = {
			isa = PBXResourcesBuildPhase;
			buildActionMask = 2147483647;
			files = (
				45DD72A828BE387C007AA9D5 /* LaunchScreen.storyboard in Resources */,
				45DD72A528BE387C007AA9D5 /* Assets.xcassets in Resources */,
				45DD72A028BE387B007AA9D5 /* Main.storyboard in Resources */,
			);
			runOnlyForDeploymentPostprocessing = 0;
		};
		45DD72AC28BE387C007AA9D5 /* Resources */ = {
			isa = PBXResourcesBuildPhase;
			buildActionMask = 2147483647;
			files = (
			);
			runOnlyForDeploymentPostprocessing = 0;
		};
		45DD72B628BE387C007AA9D5 /* Resources */ = {
			isa = PBXResourcesBuildPhase;
			buildActionMask = 2147483647;
			files = (
			);
			runOnlyForDeploymentPostprocessing = 0;
		};
/* End PBXResourcesBuildPhase section */

/* Begin PBXSourcesBuildPhase section */
		45DD729128BE387B007AA9D5 /* Sources */ = {
			isa = PBXSourcesBuildPhase;
			buildActionMask = 2147483647;
			files = (
				45DD72CF28BE3B73007AA9D5 /* ViewControllerAdd.swift in Sources */,
				45DD729D28BE387B007AA9D5 /* ViewController.swift in Sources */,
				45DD72D428BE42B0007AA9D5 /* KisilerUygulamaTasarimi.xcdatamodeld in Sources */,
				45DD729928BE387B007AA9D5 /* AppDelegate.swift in Sources */,
				45DD729B28BE387B007AA9D5 /* SceneDelegate.swift in Sources */,
				45DD72D128BE3BA0007AA9D5 /* ViewControllerUpdate.swift in Sources */,
			);
			runOnlyForDeploymentPostprocessing = 0;
		};
		45DD72AA28BE387C007AA9D5 /* Sources */ = {
			isa = PBXSourcesBuildPhase;
			buildActionMask = 2147483647;
			files = (
				45DD72B328BE387C007AA9D5 /* KisilerUygulamaTasarimiTests.swift in Sources */,
			);
			runOnlyForDeploymentPostprocessing = 0;
		};
		45DD72B428BE387C007AA9D5 /* Sources */ = {
			isa = PBXSourcesBuildPhase;
			buildActionMask = 2147483647;
			files = (
				45DD72BD28BE387C007AA9D5 /* KisilerUygulamaTasarimiUITests.swift in Sources */,
				45DD72BF28BE387C007AA9D5 /* KisilerUygulamaTasarimiUITestsLaunchTests.swift in Sources */,
			);
			runOnlyForDeploymentPostprocessing = 0;
		};
/* End PBXSourcesBuildPhase section */

/* Begin PBXTargetDependency section */
		45DD72B028BE387C007AA9D5 /* PBXTargetDependency */ = {
			isa = PBXTargetDependency;
			target = 45DD729428BE387B007AA9D5 /* KisilerUygulamaTasarimi */;
			targetProxy = 45DD72AF28BE387C007AA9D5 /* PBXContainerItemProxy */;
		};
		45DD72BA28BE387C007AA9D5 /* PBXTargetDependency */ = {
			isa = PBXTargetDependency;
			target = 45DD729428BE387B007AA9D5 /* KisilerUygulamaTasarimi */;
			targetProxy = 45DD72B928BE387C007AA9D5 /* PBXContainerItemProxy */;
		};
/* End PBXTargetDependency section */

/* Begin PBXVariantGroup section */
		45DD729E28BE387B007AA9D5 /* Main.storyboard */ = {
			isa = PBXVariantGroup;
			children = (
				45DD729F28BE387B007AA9D5 /* Base */,
			);
			name = Main.storyboard;
			sourceTree = "<group>";
		};
		45DD72A628BE387C007AA9D5 /* LaunchScreen.storyboard */ = {
			isa = PBXVariantGroup;
			children = (
				45DD72A728BE387C007AA9D5 /* Base */,
			);
			name = LaunchScreen.storyboard;
			sourceTree = "<group>";
		};
/* End PBXVariantGroup section */

/* Begin XCBuildConfiguration section */
		45DD72C028BE387C007AA9D5 /* Debug */ = {
			isa = XCBuildConfiguration;
			buildSettings = {
				ALWAYS_SEARCH_USER_PATHS = NO;
				CLANG_ANALYZER_NONNULL = YES;
				CLANG_ANALYZER_NUMBER_OBJECT_CONVERSION = YES_AGGRESSIVE;
				CLANG_CXX_LANGUAGE_STANDARD = "gnu++17";
				CLANG_ENABLE_MODULES = YES;
				CLANG_ENABLE_OBJC_ARC = YES;
				CLANG_ENABLE_OBJC_WEAK = YES;
				CLANG_WARN_BLOCK_CAPTURE_AUTORELEASING = YES;
				CLANG_WARN_BOOL_CONVERSION = YES;
				CLANG_WARN_COMMA = YES;
				CLANG_WARN_CONSTANT_CONVERSION = YES;
				CLANG_WARN_DEPRECATED_OBJC_IMPLEMENTATIONS = YES;
				CLANG_WARN_DIRECT_OBJC_ISA_USAGE = YES_ERROR;
				CLANG_WARN_DOCUMENTATION_COMMENTS = YES;
				CLANG_WARN_EMPTY_BODY = YES;
				CLANG_WARN_ENUM_CONVERSION = YES;
				CLANG_WARN_INFINITE_RECURSION = YES;
				CLANG_WARN_INT_CONVERSION = YES;
				CLANG_WARN_NON_LITERAL_NULL_CONVERSION = YES;
				CLANG_WARN_OBJC_IMPLICIT_RETAIN_SELF = YES;
				CLANG_WARN_OBJC_LITERAL_CONVERSION = YES;
				CLANG_WARN_OBJC_ROOT_CLASS = YES_ERROR;
				CLANG_WARN_QUOTED_INCLUDE_IN_FRAMEWORK_HEADER = YES;
				CLANG_WARN_RANGE_LOOP_ANALYSIS = YES;
				CLANG_WARN_STRICT_PROTOTYPES = YES;
				CLANG_WARN_SUSPICIOUS_MOVE = YES;
				CLANG_WARN_UNGUARDED_AVAILABILITY = YES_AGGRESSIVE;
				CLANG_WARN_UNREACHABLE_CODE = YES;
				CLANG_WARN__DUPLICATE_METHOD_MATCH = YES;
				COPY_PHASE_STRIP = NO;
				DEBUG_INFORMATION_FORMAT = dwarf;
				ENABLE_STRICT_OBJC_MSGSEND = YES;
				ENABLE_TESTABILITY = YES;
				GCC_C_LANGUAGE_STANDARD = gnu11;
				GCC_DYNAMIC_NO_PIC = NO;
				GCC_NO_COMMON_BLOCKS = YES;
				GCC_OPTIMIZATION_LEVEL = 0;
				GCC_PREPROCESSOR_DEFINITIONS = (
					"DEBUG=1",
					"$(inherited)",
				);
				GCC_WARN_64_TO_32_BIT_CONVERSION = YES;
				GCC_WARN_ABOUT_RETURN_TYPE = YES_ERROR;
				GCC_WARN_UNDECLARED_SELECTOR = YES;
				GCC_WARN_UNINITIALIZED_AUTOS = YES_AGGRESSIVE;
				GCC_WARN_UNUSED_FUNCTION = YES;
				GCC_WARN_UNUSED_VARIABLE = YES;
				IPHONEOS_DEPLOYMENT_TARGET = 15.5;
				MTL_ENABLE_DEBUG_INFO = INCLUDE_SOURCE;
				MTL_FAST_MATH = YES;
				ONLY_ACTIVE_ARCH = YES;
				SDKROOT = iphoneos;
				SWIFT_ACTIVE_COMPILATION_CONDITIONS = DEBUG;
				SWIFT_OPTIMIZATION_LEVEL = "-Onone";
			};
			name = Debug;
		};
		45DD72C128BE387C007AA9D5 /* Release */ = {
			isa = XCBuildConfiguration;
			buildSettings = {
				ALWAYS_SEARCH_USER_PATHS = NO;
				CLANG_ANALYZER_NONNULL = YES;
				CLANG_ANALYZER_NUMBER_OBJECT_CONVERSION = YES_AGGRESSIVE;
				CLANG_CXX_LANGUAGE_STANDARD = "gnu++17";
				CLANG_ENABLE_MODULES = YES;
				CLANG_ENABLE_OBJC_ARC = YES;
				CLANG_ENABLE_OBJC_WEAK = YES;
				CLANG_WARN_BLOCK_CAPTURE_AUTORELEASING = YES;
				CLANG_WARN_BOOL_CONVERSION = YES;
				CLANG_WARN_COMMA = YES;
				CLANG_WARN_CONSTANT_CONVERSION = YES;
				CLANG_WARN_DEPRECATED_OBJC_IMPLEMENTATIONS = YES;
				CLANG_WARN_DIRECT_OBJC_ISA_USAGE = YES_ERROR;
				CLANG_WARN_DOCUMENTATION_COMMENTS = YES;
				CLANG_WARN_EMPTY_BODY = YES;
				CLANG_WARN_ENUM_CONVERSION = YES;
				CLANG_WARN_INFINITE_RECURSION = YES;
				CLANG_WARN_INT_CONVERSION = YES;
				CLANG_WARN_NON_LITERAL_NULL_CONVERSION = YES;
				CLANG_WARN_OBJC_IMPLICIT_RETAIN_SELF = YES;
				CLANG_WARN_OBJC_LITERAL_CONVERSION = YES;
				CLANG_WARN_OBJC_ROOT_CLASS = YES_ERROR;
				CLANG_WARN_QUOTED_INCLUDE_IN_FRAMEWORK_HEADER = YES;
				CLANG_WARN_RANGE_LOOP_ANALYSIS = YES;
				CLANG_WARN_STRICT_PROTOTYPES = YES;
				CLANG_WARN_SUSPICIOUS_MOVE = YES;
				CLANG_WARN_UNGUARDED_AVAILABILITY = YES_AGGRESSIVE;
				CLANG_WARN_UNREACHABLE_CODE = YES;
				CLANG_WARN__DUPLICATE_METHOD_MATCH = YES;
				COPY_PHASE_STRIP = NO;
				DEBUG_INFORMATION_FORMAT = "dwarf-with-dsym";
				ENABLE_NS_ASSERTIONS = NO;
				ENABLE_STRICT_OBJC_MSGSEND = YES;
				GCC_C_LANGUAGE_STANDARD = gnu11;
				GCC_NO_COMMON_BLOCKS = YES;
				GCC_WARN_64_TO_32_BIT_CONVERSION = YES;
				GCC_WARN_ABOUT_RETURN_TYPE = YES_ERROR;
				GCC_WARN_UNDECLARED_SELECTOR = YES;
				GCC_WARN_UNINITIALIZED_AUTOS = YES_AGGRESSIVE;
				GCC_WARN_UNUSED_FUNCTION = YES;
				GCC_WARN_UNUSED_VARIABLE = YES;
				IPHONEOS_DEPLOYMENT_TARGET = 15.5;
				MTL_ENABLE_DEBUG_INFO = NO;
				MTL_FAST_MATH = YES;
				SDKROOT = iphoneos;
				SWIFT_COMPILATION_MODE = wholemodule;
				SWIFT_OPTIMIZATION_LEVEL = "-O";
				VALIDATE_PRODUCT = YES;
			};
			name = Release;
		};
		45DD72C328BE387C007AA9D5 /* Debug */ = {
			isa = XCBuildConfiguration;
			buildSettings = {
				ASSETCATALOG_COMPILER_APPICON_NAME = AppIcon;
				ASSETCATALOG_COMPILER_GLOBAL_ACCENT_COLOR_NAME = AccentColor;
				CODE_SIGN_STYLE = Automatic;
				CURRENT_PROJECT_VERSION = 1;
				DEVELOPMENT_TEAM = Y457UX6652;
				GENERATE_INFOPLIST_FILE = YES;
				INFOPLIST_FILE = KisilerUygulamaTasarimi/Info.plist;
				INFOPLIST_KEY_UIApplicationSupportsIndirectInputEvents = YES;
				INFOPLIST_KEY_UILaunchStoryboardName = LaunchScreen;
				INFOPLIST_KEY_UIMainStoryboardFile = Main;
				INFOPLIST_KEY_UISupportedInterfaceOrientations_iPad = "UIInterfaceOrientationPortrait UIInterfaceOrientationPortraitUpsideDown UIInterfaceOrientationLandscapeLeft UIInterfaceOrientationLandscapeRight";
				INFOPLIST_KEY_UISupportedInterfaceOrientations_iPhone = "UIInterfaceOrientationPortrait UIInterfaceOrientationLandscapeLeft UIInterfaceOrientationLandscapeRight";
				LD_RUNPATH_SEARCH_PATHS = (
					"$(inherited)",
					"@executable_path/Frameworks",
				);
				MARKETING_VERSION = 1.0;
				PRODUCT_BUNDLE_IDENTIFIER = furkanc.KisilerUygulamaTasarimi;
				PRODUCT_NAME = "$(TARGET_NAME)";
				SWIFT_EMIT_LOC_STRINGS = YES;
				SWIFT_VERSION = 5.0;
				TARGETED_DEVICE_FAMILY = "1,2";
			};
			name = Debug;
		};
		45DD72C428BE387C007AA9D5 /* Release */ = {
			isa = XCBuildConfiguration;
			buildSettings = {
				ASSETCATALOG_COMPILER_APPICON_NAME = AppIcon;
				ASSETCATALOG_COMPILER_GLOBAL_ACCENT_COLOR_NAME = AccentColor;
				CODE_SIGN_STYLE = Automatic;
				CURRENT_PROJECT_VERSION = 1;
				DEVELOPMENT_TEAM = Y457UX6652;
				GENERATE_INFOPLIST_FILE = YES;
				INFOPLIST_FILE = KisilerUygulamaTasarimi/Info.plist;
				INFOPLIST_KEY_UIApplicationSupportsIndirectInputEvents = YES;
				INFOPLIST_KEY_UILaunchStoryboardName = LaunchScreen;
				INFOPLIST_KEY_UIMainStoryboardFile = Main;
				INFOPLIST_KEY_UISupportedInterfaceOrientations_iPad = "UIInterfaceOrientationPortrait UIInterfaceOrientationPortraitUpsideDown UIInterfaceOrientationLandscapeLeft UIInterfaceOrientationLandscapeRight";
				INFOPLIST_KEY_UISupportedInterfaceOrientations_iPhone = "UIInterfaceOrientationPortrait UIInterfaceOrientationLandscapeLeft UIInterfaceOrientationLandscapeRight";
				LD_RUNPATH_SEARCH_PATHS = (
					"$(inherited)",
					"@executable_path/Frameworks",
				);
				MARKETING_VERSION = 1.0;
				PRODUCT_BUNDLE_IDENTIFIER = furkanc.KisilerUygulamaTasarimi;
				PRODUCT_NAME = "$(TARGET_NAME)";
				SWIFT_EMIT_LOC_STRINGS = YES;
				SWIFT_VERSION = 5.0;
				TARGETED_DEVICE_FAMILY = "1,2";
			};
			name = Release;
		};
		45DD72C628BE387C007AA9D5 /* Debug */ = {
			isa = XCBuildConfiguration;
			buildSettings = {
				ALWAYS_EMBED_SWIFT_STANDARD_LIBRARIES = YES;
				BUNDLE_LOADER = "$(TEST_HOST)";
				CODE_SIGN_STYLE = Automatic;
				CURRENT_PROJECT_VERSION = 1;
				GENERATE_INFOPLIST_FILE = YES;
				IPHONEOS_DEPLOYMENT_TARGET = 15.5;
				MARKETING_VERSION = 1.0;
				PRODUCT_BUNDLE_IDENTIFIER = furkanc.KisilerUygulamaTasarimiTests;
				PRODUCT_NAME = "$(TARGET_NAME)";
				SWIFT_EMIT_LOC_STRINGS = NO;
				SWIFT_VERSION = 5.0;
				TARGETED_DEVICE_FAMILY = "1,2";
				TEST_HOST = "$(BUILT_PRODUCTS_DIR)/KisilerUygulamaTasarimi.app/KisilerUygulamaTasarimi";
			};
			name = Debug;
		};
		45DD72C728BE387C007AA9D5 /* Release */ = {
			isa = XCBuildConfiguration;
			buildSettings = {
				ALWAYS_EMBED_SWIFT_STANDARD_LIBRARIES = YES;
				BUNDLE_LOADER = "$(TEST_HOST)";
				CODE_SIGN_STYLE = Automatic;
				CURRENT_PROJECT_VERSION = 1;
				GENERATE_INFOPLIST_FILE = YES;
				IPHONEOS_DEPLOYMENT_TARGET = 15.5;
				MARKETING_VERSION = 1.0;
				PRODUCT_BUNDLE_IDENTIFIER = furkanc.KisilerUygulamaTasarimiTests;
				PRODUCT_NAME = "$(TARGET_NAME)";
				SWIFT_EMIT_LOC_STRINGS = NO;
				SWIFT_VERSION = 5.0;
				TARGETED_DEVICE_FAMILY = "1,2";
				TEST_HOST = "$(BUILT_PRODUCTS_DIR)/KisilerUygulamaTasarimi.app/KisilerUygulamaTasarimi";
			};
			name = Release;
		};
		45DD72C928BE387C007AA9D5 /* Debug */ = {
			isa = XCBuildConfiguration;
			buildSettings = {
				ALWAYS_EMBED_SWIFT_STANDARD_LIBRARIES = YES;
				CODE_SIGN_STYLE = Automatic;
				CURRENT_PROJECT_VERSION = 1;
				GENERATE_INFOPLIST_FILE = YES;
				MARKETING_VERSION = 1.0;
				PRODUCT_BUNDLE_IDENTIFIER = furkanc.KisilerUygulamaTasarimiUITests;
				PRODUCT_NAME = "$(TARGET_NAME)";
				SWIFT_EMIT_LOC_STRINGS = NO;
				SWIFT_VERSION = 5.0;
				TARGETED_DEVICE_FAMILY = "1,2";
				TEST_TARGET_NAME = KisilerUygulamaTasarimi;
			};
			name = Debug;
		};
		45DD72CA28BE387C007AA9D5 /* Release */ = {
			isa = XCBuildConfiguration;
			buildSettings = {
				ALWAYS_EMBED_SWIFT_STANDARD_LIBRARIES = YES;
				CODE_SIGN_STYLE = Automatic;
				CURRENT_PROJECT_VERSION = 1;
				GENERATE_INFOPLIST_FILE = YES;
				MARKETING_VERSION = 1.0;
				PRODUCT_BUNDLE_IDENTIFIER = furkanc.KisilerUygulamaTasarimiUITests;
				PRODUCT_NAME = "$(TARGET_NAME)";
				SWIFT_EMIT_LOC_STRINGS = NO;
				SWIFT_VERSION = 5.0;
				TARGETED_DEVICE_FAMILY = "1,2";
				TEST_TARGET_NAME = KisilerUygulamaTasarimi;
			};
			name = Release;
		};
/* End XCBuildConfiguration section */

/* Begin XCConfigurationList section */
		45DD729028BE387B007AA9D5 /* Build configuration list for PBXProject "KisilerUygulamaTasarimi" */ = {
			isa = XCConfigurationList;
			buildConfigurations = (
				45DD72C028BE387C007AA9D5 /* Debug */,
				45DD72C128BE387C007AA9D5 /* Release */,
			);
			defaultConfigurationIsVisible = 0;
			defaultConfigurationName = Release;
		};
		45DD72C228BE387C007AA9D5 /* Build configuration list for PBXNativeTarget "KisilerUygulamaTasarimi" */ = {
			isa = XCConfigurationList;
			buildConfigurations = (
				45DD72C328BE387C007AA9D5 /* Debug */,
				45DD72C428BE387C007AA9D5 /* Release */,
			);
			defaultConfigurationIsVisible = 0;
			defaultConfigurationName = Release;
		};
		45DD72C528BE387C007AA9D5 /* Build configuration list for PBXNativeTarget "KisilerUygulamaTasarimiTests" */ = {
			isa = XCConfigurationList;
			buildConfigurations = (
				45DD72C628BE387C007AA9D5 /* Debug */,
				45DD72C728BE387C007AA9D5 /* Release */,
			);
			defaultConfigurationIsVisible = 0;
			defaultConfigurationName = Release;
		};
		45DD72C828BE387C007AA9D5 /* Build configuration list for PBXNativeTarget "KisilerUygulamaTasarimiUITests" */ = {
			isa = XCConfigurationList;
			buildConfigurations = (
				45DD72C928BE387C007AA9D5 /* Debug */,
				45DD72CA28BE387C007AA9D5 /* Release */,
			);
			defaultConfigurationIsVisible = 0;
			defaultConfigurationName = Release;
		};
/* End XCConfigurationList section */

/* Begin XCVersionGroup section */
		45DD72D228BE42B0007AA9D5 /* KisilerUygulamaTasarimi.xcdatamodeld */ = {
			isa = XCVersionGroup;
			children = (
				45DD72D328BE42B0007AA9D5 /* KisilerUygulamaTasarimi.xcdatamodel */,
			);
			currentVersion = 45DD72D328BE42B0007AA9D5 /* KisilerUygulamaTasarimi.xcdatamodel */;
			path = KisilerUygulamaTasarimi.xcdatamodeld;
			sourceTree = "<group>";
			versionGroupType = wrapper.xcdatamodel;
		};
/* End XCVersionGroup section */
	};
	rootObject = 45DD728D28BE387B007AA9D5 /* Project object */;
}
