// !$*UTF8*$!
{
	archiveVersion = 1;
	classes = {
	};
	objectVersion = 55;
	objects = {

/* Begin PBXBuildFile section */
		4557A00428CE00C90036043A /* AppDelegate.swift in Sources */ = {isa = PBXBuildFile; fileRef = 4557A00328CE00C90036043A /* AppDelegate.swift */; };
		4557A00628CE00C90036043A /* SceneDelegate.swift in Sources */ = {isa = PBXBuildFile; fileRef = 4557A00528CE00C90036043A /* SceneDelegate.swift */; };
		4557A00828CE00C90036043A /* ViewController.swift in Sources */ = {isa = PBXBuildFile; fileRef = 4557A00728CE00C90036043A /* ViewController.swift */; };
		4557A00B28CE00C90036043A /* Main.storyboard in Resources */ = {isa = PBXBuildFile; fileRef = 4557A00928CE00C90036043A /* Main.storyboard */; };
		4557A00D28CE00CA0036043A /* Assets.xcassets in Resources */ = {isa = PBXBuildFile; fileRef = 4557A00C28CE00CA0036043A /* Assets.xcassets */; };
		4557A01028CE00CA0036043A /* LaunchScreen.storyboard in Resources */ = {isa = PBXBuildFile; fileRef = 4557A00E28CE00CA0036043A /* LaunchScreen.storyboard */; };
		4557A01B28CE00CA0036043A /* __MapKit_KullanimiTests.swift in Sources */ = {isa = PBXBuildFile; fileRef = 4557A01A28CE00CA0036043A /* __MapKit_KullanimiTests.swift */; };
		4557A02528CE00CA0036043A /* __MapKit_KullanimiUITests.swift in Sources */ = {isa = PBXBuildFile; fileRef = 4557A02428CE00CA0036043A /* __MapKit_KullanimiUITests.swift */; };
		4557A02728CE00CA0036043A /* __MapKit_KullanimiUITestsLaunchTests.swift in Sources */ = {isa = PBXBuildFile; fileRef = 4557A02628CE00CA0036043A /* __MapKit_KullanimiUITestsLaunchTests.swift */; };
		4557A03528CE00FD0036043A /* MapKit.framework in Frameworks */ = {isa = PBXBuildFile; fileRef = 4557A03428CE00FD0036043A /* MapKit.framework */; };
/* End PBXBuildFile section */

/* Begin PBXContainerItemProxy section */
		4557A01728CE00CA0036043A /* PBXContainerItemProxy */ = {
			isa = PBXContainerItemProxy;
			containerPortal = 45579FF828CE00C90036043A /* Project object */;
			proxyType = 1;
			remoteGlobalIDString = 45579FFF28CE00C90036043A;
			remoteInfo = "2-MapKit Kullanimi";
		};
		4557A02128CE00CA0036043A /* PBXContainerItemProxy */ = {
			isa = PBXContainerItemProxy;
			containerPortal = 45579FF828CE00C90036043A /* Project object */;
			proxyType = 1;
			remoteGlobalIDString = 45579FFF28CE00C90036043A;
			remoteInfo = "2-MapKit Kullanimi";
		};
/* End PBXContainerItemProxy section */

/* Begin PBXFileReference section */
		4557A00028CE00C90036043A /* 2-MapKit Kullanimi.app */ = {isa = PBXFileReference; explicitFileType = wrapper.application; includeInIndex = 0; path = "2-MapKit Kullanimi.app"; sourceTree = BUILT_PRODUCTS_DIR; };
		4557A00328CE00C90036043A /* AppDelegate.swift */ = {isa = PBXFileReference; lastKnownFileType = sourcecode.swift; path = AppDelegate.swift; sourceTree = "<group>"; };
		4557A00528CE00C90036043A /* SceneDelegate.swift */ = {isa = PBXFileReference; lastKnownFileType = sourcecode.swift; path = SceneDelegate.swift; sourceTree = "<group>"; };
		4557A00728CE00C90036043A /* ViewController.swift */ = {isa = PBXFileReference; lastKnownFileType = sourcecode.swift; path = ViewController.swift; sourceTree = "<group>"; };
		4557A00A28CE00C90036043A /* Base */ = {isa = PBXFileReference; lastKnownFileType = file.storyboard; name = Base; path = Base.lproj/Main.storyboard; sourceTree = "<group>"; };
		4557A00C28CE00CA0036043A /* Assets.xcassets */ = {isa = PBXFileReference; lastKnownFileType = folder.assetcatalog; path = Assets.xcassets; sourceTree = "<group>"; };
		4557A00F28CE00CA0036043A /* Base */ = {isa = PBXFileReference; lastKnownFileType = file.storyboard; name = Base; path = Base.lproj/LaunchScreen.storyboard; sourceTree = "<group>"; };
		4557A01128CE00CA0036043A /* Info.plist */ = {isa = PBXFileReference; lastKnownFileType = text.plist.xml; path = Info.plist; sourceTree = "<group>"; };
		4557A01628CE00CA0036043A /* 2-MapKit KullanimiTests.xctest */ = {isa = PBXFileReference; explicitFileType = wrapper.cfbundle; includeInIndex = 0; path = "2-MapKit KullanimiTests.xctest"; sourceTree = BUILT_PRODUCTS_DIR; };
		4557A01A28CE00CA0036043A /* __MapKit_KullanimiTests.swift */ = {isa = PBXFileReference; lastKnownFileType = sourcecode.swift; path = __MapKit_KullanimiTests.swift; sourceTree = "<group>"; };
		4557A02028CE00CA0036043A /* 2-MapKit KullanimiUITests.xctest */ = {isa = PBXFileReference; explicitFileType = wrapper.cfbundle; includeInIndex = 0; path = "2-MapKit KullanimiUITests.xctest"; sourceTree = BUILT_PRODUCTS_DIR; };
		4557A02428CE00CA0036043A /* __MapKit_KullanimiUITests.swift */ = {isa = PBXFileReference; lastKnownFileType = sourcecode.swift; path = __MapKit_KullanimiUITests.swift; sourceTree = "<group>"; };
		4557A02628CE00CA0036043A /* __MapKit_KullanimiUITestsLaunchTests.swift */ = {isa = PBXFileReference; lastKnownFileType = sourcecode.swift; path = __MapKit_KullanimiUITestsLaunchTests.swift; sourceTree = "<group>"; };
		4557A03428CE00FD0036043A /* MapKit.framework */ = {isa = PBXFileReference; lastKnownFileType = wrapper.framework; name = MapKit.framework; path = System/Library/Frameworks/MapKit.framework; sourceTree = SDKROOT; };
/* End PBXFileReference section */

/* Begin PBXFrameworksBuildPhase section */
		45579FFD28CE00C90036043A /* Frameworks */ = {
			isa = PBXFrameworksBuildPhase;
			buildActionMask = 2147483647;
			files = (
				4557A03528CE00FD0036043A /* MapKit.framework in Frameworks */,
			);
			runOnlyForDeploymentPostprocessing = 0;
		};
		4557A01328CE00CA0036043A /* Frameworks */ = {
			isa = PBXFrameworksBuildPhase;
			buildActionMask = 2147483647;
			files = (
			);
			runOnlyForDeploymentPostprocessing = 0;
		};
		4557A01D28CE00CA0036043A /* Frameworks */ = {
			isa = PBXFrameworksBuildPhase;
			buildActionMask = 2147483647;
			files = (
			);
			runOnlyForDeploymentPostprocessing = 0;
		};
/* End PBXFrameworksBuildPhase section */

/* Begin PBXGroup section */
		45579FF728CE00C90036043A = {
			isa = PBXGroup;
			children = (
				4557A00228CE00C90036043A /* 2-MapKit Kullanimi */,
				4557A01928CE00CA0036043A /* 2-MapKit KullanimiTests */,
				4557A02328CE00CA0036043A /* 2-MapKit KullanimiUITests */,
				4557A00128CE00C90036043A /* Products */,
				4557A03328CE00FD0036043A /* Frameworks */,
			);
			sourceTree = "<group>";
		};
		4557A00128CE00C90036043A /* Products */ = {
			isa = PBXGroup;
			children = (
				4557A00028CE00C90036043A /* 2-MapKit Kullanimi.app */,
				4557A01628CE00CA0036043A /* 2-MapKit KullanimiTests.xctest */,
				4557A02028CE00CA0036043A /* 2-MapKit KullanimiUITests.xctest */,
			);
			name = Products;
			sourceTree = "<group>";
		};
		4557A00228CE00C90036043A /* 2-MapKit Kullanimi */ = {
			isa = PBXGroup;
			children = (
				4557A00328CE00C90036043A /* AppDelegate.swift */,
				4557A00528CE00C90036043A /* SceneDelegate.swift */,
				4557A00728CE00C90036043A /* ViewController.swift */,
				4557A00928CE00C90036043A /* Main.storyboard */,
				4557A00C28CE00CA0036043A /* Assets.xcassets */,
				4557A00E28CE00CA0036043A /* LaunchScreen.storyboard */,
				4557A01128CE00CA0036043A /* Info.plist */,
			);
			path = "2-MapKit Kullanimi";
			sourceTree = "<group>";
		};
		4557A01928CE00CA0036043A /* 2-MapKit KullanimiTests */ = {
			isa = PBXGroup;
			children = (
				4557A01A28CE00CA0036043A /* __MapKit_KullanimiTests.swift */,
			);
			path = "2-MapKit KullanimiTests";
			sourceTree = "<group>";
		};
		4557A02328CE00CA0036043A /* 2-MapKit KullanimiUITests */ = {
			isa = PBXGroup;
			children = (
				4557A02428CE00CA0036043A /* __MapKit_KullanimiUITests.swift */,
				4557A02628CE00CA0036043A /* __MapKit_KullanimiUITestsLaunchTests.swift */,
			);
			path = "2-MapKit KullanimiUITests";
			sourceTree = "<group>";
		};
		4557A03328CE00FD0036043A /* Frameworks */ = {
			isa = PBXGroup;
			children = (
				4557A03428CE00FD0036043A /* MapKit.framework */,
			);
			name = Frameworks;
			sourceTree = "<group>";
		};
/* End PBXGroup section */

/* Begin PBXNativeTarget section */
		45579FFF28CE00C90036043A /* 2-MapKit Kullanimi */ = {
			isa = PBXNativeTarget;
			buildConfigurationList = 4557A02A28CE00CA0036043A /* Build configuration list for PBXNativeTarget "2-MapKit Kullanimi" */;
			buildPhases = (
				45579FFC28CE00C90036043A /* Sources */,
				45579FFD28CE00C90036043A /* Frameworks */,
				45579FFE28CE00C90036043A /* Resources */,
			);
			buildRules = (
			);
			dependencies = (
			);
			name = "2-MapKit Kullanimi";
			productName = "2-MapKit Kullanimi";
			productReference = 4557A00028CE00C90036043A /* 2-MapKit Kullanimi.app */;
			productType = "com.apple.product-type.application";
		};
		4557A01528CE00CA0036043A /* 2-MapKit KullanimiTests */ = {
			isa = PBXNativeTarget;
			buildConfigurationList = 4557A02D28CE00CA0036043A /* Build configuration list for PBXNativeTarget "2-MapKit KullanimiTests" */;
			buildPhases = (
				4557A01228CE00CA0036043A /* Sources */,
				4557A01328CE00CA0036043A /* Frameworks */,
				4557A01428CE00CA0036043A /* Resources */,
			);
			buildRules = (
			);
			dependencies = (
				4557A01828CE00CA0036043A /* PBXTargetDependency */,
			);
			name = "2-MapKit KullanimiTests";
			productName = "2-MapKit KullanimiTests";
			productReference = 4557A01628CE00CA0036043A /* 2-MapKit KullanimiTests.xctest */;
			productType = "com.apple.product-type.bundle.unit-test";
		};
		4557A01F28CE00CA0036043A /* 2-MapKit KullanimiUITests */ = {
			isa = PBXNativeTarget;
			buildConfigurationList = 4557A03028CE00CA0036043A /* Build configuration list for PBXNativeTarget "2-MapKit KullanimiUITests" */;
			buildPhases = (
				4557A01C28CE00CA0036043A /* Sources */,
				4557A01D28CE00CA0036043A /* Frameworks */,
				4557A01E28CE00CA0036043A /* Resources */,
			);
			buildRules = (
			);
			dependencies = (
				4557A02228CE00CA0036043A /* PBXTargetDependency */,
			);
			name = "2-MapKit KullanimiUITests";
			productName = "2-MapKit KullanimiUITests";
			productReference = 4557A02028CE00CA0036043A /* 2-MapKit KullanimiUITests.xctest */;
			productType = "com.apple.product-type.bundle.ui-testing";
		};
/* End PBXNativeTarget section */

/* Begin PBXProject section */
		45579FF828CE00C90036043A /* Project object */ = {
			isa = PBXProject;
			attributes = {
				BuildIndependentTargetsInParallel = 1;
				LastSwiftUpdateCheck = 1340;
				LastUpgradeCheck = 1340;
				TargetAttributes = {
					45579FFF28CE00C90036043A = {
						CreatedOnToolsVersion = 13.4.1;
					};
					4557A01528CE00CA0036043A = {
						CreatedOnToolsVersion = 13.4.1;
						TestTargetID = 45579FFF28CE00C90036043A;
					};
					4557A01F28CE00CA0036043A = {
						CreatedOnToolsVersion = 13.4.1;
						TestTargetID = 45579FFF28CE00C90036043A;
					};
				};
			};
			buildConfigurationList = 45579FFB28CE00C90036043A /* Build configuration list for PBXProject "2-MapKit Kullanimi" */;
			compatibilityVersion = "Xcode 13.0";
			developmentRegion = en;
			hasScannedForEncodings = 0;
			knownRegions = (
				en,
				Base,
			);
			mainGroup = 45579FF728CE00C90036043A;
			productRefGroup = 4557A00128CE00C90036043A /* Products */;
			projectDirPath = "";
			projectRoot = "";
			targets = (
				45579FFF28CE00C90036043A /* 2-MapKit Kullanimi */,
				4557A01528CE00CA0036043A /* 2-MapKit KullanimiTests */,
				4557A01F28CE00CA0036043A /* 2-MapKit KullanimiUITests */,
			);
		};
/* End PBXProject section */

/* Begin PBXResourcesBuildPhase section */
		45579FFE28CE00C90036043A /* Resources */ = {
			isa = PBXResourcesBuildPhase;
			buildActionMask = 2147483647;
			files = (
				4557A01028CE00CA0036043A /* LaunchScreen.storyboard in Resources */,
				4557A00D28CE00CA0036043A /* Assets.xcassets in Resources */,
				4557A00B28CE00C90036043A /* Main.storyboard in Resources */,
			);
			runOnlyForDeploymentPostprocessing = 0;
		};
		4557A01428CE00CA0036043A /* Resources */ = {
			isa = PBXResourcesBuildPhase;
			buildActionMask = 2147483647;
			files = (
			);
			runOnlyForDeploymentPostprocessing = 0;
		};
		4557A01E28CE00CA0036043A /* Resources */ = {
			isa = PBXResourcesBuildPhase;
			buildActionMask = 2147483647;
			files = (
			);
			runOnlyForDeploymentPostprocessing = 0;
		};
/* End PBXResourcesBuildPhase section */

/* Begin PBXSourcesBuildPhase section */
		45579FFC28CE00C90036043A /* Sources */ = {
			isa = PBXSourcesBuildPhase;
			buildActionMask = 2147483647;
			files = (
				4557A00828CE00C90036043A /* ViewController.swift in Sources */,
				4557A00428CE00C90036043A /* AppDelegate.swift in Sources */,
				4557A00628CE00C90036043A /* SceneDelegate.swift in Sources */,
			);
			runOnlyForDeploymentPostprocessing = 0;
		};
		4557A01228CE00CA0036043A /* Sources */ = {
			isa = PBXSourcesBuildPhase;
			buildActionMask = 2147483647;
			files = (
				4557A01B28CE00CA0036043A /* __MapKit_KullanimiTests.swift in Sources */,
			);
			runOnlyForDeploymentPostprocessing = 0;
		};
		4557A01C28CE00CA0036043A /* Sources */ = {
			isa = PBXSourcesBuildPhase;
			buildActionMask = 2147483647;
			files = (
				4557A02528CE00CA0036043A /* __MapKit_KullanimiUITests.swift in Sources */,
				4557A02728CE00CA0036043A /* __MapKit_KullanimiUITestsLaunchTests.swift in Sources */,
			);
			runOnlyForDeploymentPostprocessing = 0;
		};
/* End PBXSourcesBuildPhase section */

/* Begin PBXTargetDependency section */
		4557A01828CE00CA0036043A /* PBXTargetDependency */ = {
			isa = PBXTargetDependency;
			target = 45579FFF28CE00C90036043A /* 2-MapKit Kullanimi */;
			targetProxy = 4557A01728CE00CA0036043A /* PBXContainerItemProxy */;
		};
		4557A02228CE00CA0036043A /* PBXTargetDependency */ = {
			isa = PBXTargetDependency;
			target = 45579FFF28CE00C90036043A /* 2-MapKit Kullanimi */;
			targetProxy = 4557A02128CE00CA0036043A /* PBXContainerItemProxy */;
		};
/* End PBXTargetDependency section */

/* Begin PBXVariantGroup section */
		4557A00928CE00C90036043A /* Main.storyboard */ = {
			isa = PBXVariantGroup;
			children = (
				4557A00A28CE00C90036043A /* Base */,
			);
			name = Main.storyboard;
			sourceTree = "<group>";
		};
		4557A00E28CE00CA0036043A /* LaunchScreen.storyboard */ = {
			isa = PBXVariantGroup;
			children = (
				4557A00F28CE00CA0036043A /* Base */,
			);
			name = LaunchScreen.storyboard;
			sourceTree = "<group>";
		};
/* End PBXVariantGroup section */

/* Begin XCBuildConfiguration section */
		4557A02828CE00CA0036043A /* Debug */ = {
			isa = XCBuildConfiguration;
			buildSettings = {
				ALWAYS_SEARCH_USER_PATHS = NO;
				CLANG_ANALYZER_NONNULL = YES;
				CLANG_ANALYZER_NUMBER_OBJECT_CONVERSION = YES_AGGRESSIVE;
				CLANG_CXX_LANGUAGE_STANDARD = "gnu++17";
				CLANG_ENABLE_MODULES = YES;
				CLANG_ENABLE_OBJC_ARC = YES;
				CLANG_ENABLE_OBJC_WEAK = YES;
				CLANG_WARN_BLOCK_CAPTURE_AUTORELEASING = YES;
				CLANG_WARN_BOOL_CONVERSION = YES;
				CLANG_WARN_COMMA = YES;
				CLANG_WARN_CONSTANT_CONVERSION = YES;
				CLANG_WARN_DEPRECATED_OBJC_IMPLEMENTATIONS = YES;
				CLANG_WARN_DIRECT_OBJC_ISA_USAGE = YES_ERROR;
				CLANG_WARN_DOCUMENTATION_COMMENTS = YES;
				CLANG_WARN_EMPTY_BODY = YES;
				CLANG_WARN_ENUM_CONVERSION = YES;
				CLANG_WARN_INFINITE_RECURSION = YES;
				CLANG_WARN_INT_CONVERSION = YES;
				CLANG_WARN_NON_LITERAL_NULL_CONVERSION = YES;
				CLANG_WARN_OBJC_IMPLICIT_RETAIN_SELF = YES;
				CLANG_WARN_OBJC_LITERAL_CONVERSION = YES;
				CLANG_WARN_OBJC_ROOT_CLASS = YES_ERROR;
				CLANG_WARN_QUOTED_INCLUDE_IN_FRAMEWORK_HEADER = YES;
				CLANG_WARN_RANGE_LOOP_ANALYSIS = YES;
				CLANG_WARN_STRICT_PROTOTYPES = YES;
				CLANG_WARN_SUSPICIOUS_MOVE = YES;
				CLANG_WARN_UNGUARDED_AVAILABILITY = YES_AGGRESSIVE;
				CLANG_WARN_UNREACHABLE_CODE = YES;
				CLANG_WARN__DUPLICATE_METHOD_MATCH = YES;
				COPY_PHASE_STRIP = NO;
				DEBUG_INFORMATION_FORMAT = dwarf;
				ENABLE_STRICT_OBJC_MSGSEND = YES;
				ENABLE_TESTABILITY = YES;
				GCC_C_LANGUAGE_STANDARD = gnu11;
				GCC_DYNAMIC_NO_PIC = NO;
				GCC_NO_COMMON_BLOCKS = YES;
				GCC_OPTIMIZATION_LEVEL = 0;
				GCC_PREPROCESSOR_DEFINITIONS = (
					"DEBUG=1",
					"$(inherited)",
				);
				GCC_WARN_64_TO_32_BIT_CONVERSION = YES;
				GCC_WARN_ABOUT_RETURN_TYPE = YES_ERROR;
				GCC_WARN_UNDECLARED_SELECTOR = YES;
				GCC_WARN_UNINITIALIZED_AUTOS = YES_AGGRESSIVE;
				GCC_WARN_UNUSED_FUNCTION = YES;
				GCC_WARN_UNUSED_VARIABLE = YES;
				IPHONEOS_DEPLOYMENT_TARGET = 15.5;
				MTL_ENABLE_DEBUG_INFO = INCLUDE_SOURCE;
				MTL_FAST_MATH = YES;
				ONLY_ACTIVE_ARCH = YES;
				SDKROOT = iphoneos;
				SWIFT_ACTIVE_COMPILATION_CONDITIONS = DEBUG;
				SWIFT_OPTIMIZATION_LEVEL = "-Onone";
			};
			name = Debug;
		};
		4557A02928CE00CA0036043A /* Release */ = {
			isa = XCBuildConfiguration;
			buildSettings = {
				ALWAYS_SEARCH_USER_PATHS = NO;
				CLANG_ANALYZER_NONNULL = YES;
				CLANG_ANALYZER_NUMBER_OBJECT_CONVERSION = YES_AGGRESSIVE;
				CLANG_CXX_LANGUAGE_STANDARD = "gnu++17";
				CLANG_ENABLE_MODULES = YES;
				CLANG_ENABLE_OBJC_ARC = YES;
				CLANG_ENABLE_OBJC_WEAK = YES;
				CLANG_WARN_BLOCK_CAPTURE_AUTORELEASING = YES;
				CLANG_WARN_BOOL_CONVERSION = YES;
				CLANG_WARN_COMMA = YES;
				CLANG_WARN_CONSTANT_CONVERSION = YES;
				CLANG_WARN_DEPRECATED_OBJC_IMPLEMENTATIONS = YES;
				CLANG_WARN_DIRECT_OBJC_ISA_USAGE = YES_ERROR;
				CLANG_WARN_DOCUMENTATION_COMMENTS = YES;
				CLANG_WARN_EMPTY_BODY = YES;
				CLANG_WARN_ENUM_CONVERSION = YES;
				CLANG_WARN_INFINITE_RECURSION = YES;
				CLANG_WARN_INT_CONVERSION = YES;
				CLANG_WARN_NON_LITERAL_NULL_CONVERSION = YES;
				CLANG_WARN_OBJC_IMPLICIT_RETAIN_SELF = YES;
				CLANG_WARN_OBJC_LITERAL_CONVERSION = YES;
				CLANG_WARN_OBJC_ROOT_CLASS = YES_ERROR;
				CLANG_WARN_QUOTED_INCLUDE_IN_FRAMEWORK_HEADER = YES;
				CLANG_WARN_RANGE_LOOP_ANALYSIS = YES;
				CLANG_WARN_STRICT_PROTOTYPES = YES;
				CLANG_WARN_SUSPICIOUS_MOVE = YES;
				CLANG_WARN_UNGUARDED_AVAILABILITY = YES_AGGRESSIVE;
				CLANG_WARN_UNREACHABLE_CODE = YES;
				CLANG_WARN__DUPLICATE_METHOD_MATCH = YES;
				COPY_PHASE_STRIP = NO;
				DEBUG_INFORMATION_FORMAT = "dwarf-with-dsym";
				ENABLE_NS_ASSERTIONS = NO;
				ENABLE_STRICT_OBJC_MSGSEND = YES;
				GCC_C_LANGUAGE_STANDARD = gnu11;
				GCC_NO_COMMON_BLOCKS = YES;
				GCC_WARN_64_TO_32_BIT_CONVERSION = YES;
				GCC_WARN_ABOUT_RETURN_TYPE = YES_ERROR;
				GCC_WARN_UNDECLARED_SELECTOR = YES;
				GCC_WARN_UNINITIALIZED_AUTOS = YES_AGGRESSIVE;
				GCC_WARN_UNUSED_FUNCTION = YES;
				GCC_WARN_UNUSED_VARIABLE = YES;
				IPHONEOS_DEPLOYMENT_TARGET = 15.5;
				MTL_ENABLE_DEBUG_INFO = NO;
				MTL_FAST_MATH = YES;
				SDKROOT = iphoneos;
				SWIFT_COMPILATION_MODE = wholemodule;
				SWIFT_OPTIMIZATION_LEVEL = "-O";
				VALIDATE_PRODUCT = YES;
			};
			name = Release;
		};
		4557A02B28CE00CA0036043A /* Debug */ = {
			isa = XCBuildConfiguration;
			buildSettings = {
				ASSETCATALOG_COMPILER_APPICON_NAME = AppIcon;
				ASSETCATALOG_COMPILER_GLOBAL_ACCENT_COLOR_NAME = AccentColor;
				CODE_SIGN_STYLE = Automatic;
				CURRENT_PROJECT_VERSION = 1;
				GENERATE_INFOPLIST_FILE = YES;
				INFOPLIST_FILE = "2-MapKit Kullanimi/Info.plist";
				INFOPLIST_KEY_UIApplicationSupportsIndirectInputEvents = YES;
				INFOPLIST_KEY_UILaunchStoryboardName = LaunchScreen;
				INFOPLIST_KEY_UIMainStoryboardFile = Main;
				INFOPLIST_KEY_UISupportedInterfaceOrientations_iPad = "UIInterfaceOrientationPortrait UIInterfaceOrientationPortraitUpsideDown UIInterfaceOrientationLandscapeLeft UIInterfaceOrientationLandscapeRight";
				INFOPLIST_KEY_UISupportedInterfaceOrientations_iPhone = "UIInterfaceOrientationPortrait UIInterfaceOrientationLandscapeLeft UIInterfaceOrientationLandscapeRight";
				LD_RUNPATH_SEARCH_PATHS = (
					"$(inherited)",
					"@executable_path/Frameworks",
				);
				MARKETING_VERSION = 1.0;
				PRODUCT_BUNDLE_IDENTIFIER = "furkanc.--MapKit-Kullanimi";
				PRODUCT_NAME = "$(TARGET_NAME)";
				SWIFT_EMIT_LOC_STRINGS = YES;
				SWIFT_VERSION = 5.0;
				TARGETED_DEVICE_FAMILY = "1,2";
			};
			name = Debug;
		};
		4557A02C28CE00CA0036043A /* Release */ = {
			isa = XCBuildConfiguration;
			buildSettings = {
				ASSETCATALOG_COMPILER_APPICON_NAME = AppIcon;
				ASSETCATALOG_COMPILER_GLOBAL_ACCENT_COLOR_NAME = AccentColor;
				CODE_SIGN_STYLE = Automatic;
				CURRENT_PROJECT_VERSION = 1;
				GENERATE_INFOPLIST_FILE = YES;
				INFOPLIST_FILE = "2-MapKit Kullanimi/Info.plist";
				INFOPLIST_KEY_UIApplicationSupportsIndirectInputEvents = YES;
				INFOPLIST_KEY_UILaunchStoryboardName = LaunchScreen;
				INFOPLIST_KEY_UIMainStoryboardFile = Main;
				INFOPLIST_KEY_UISupportedInterfaceOrientations_iPad = "UIInterfaceOrientationPortrait UIInterfaceOrientationPortraitUpsideDown UIInterfaceOrientationLandscapeLeft UIInterfaceOrientationLandscapeRight";
				INFOPLIST_KEY_UISupportedInterfaceOrientations_iPhone = "UIInterfaceOrientationPortrait UIInterfaceOrientationLandscapeLeft UIInterfaceOrientationLandscapeRight";
				LD_RUNPATH_SEARCH_PATHS = (
					"$(inherited)",
					"@executable_path/Frameworks",
				);
				MARKETING_VERSION = 1.0;
				PRODUCT_BUNDLE_IDENTIFIER = "furkanc.--MapKit-Kullanimi";
				PRODUCT_NAME = "$(TARGET_NAME)";
				SWIFT_EMIT_LOC_STRINGS = YES;
				SWIFT_VERSION = 5.0;
				TARGETED_DEVICE_FAMILY = "1,2";
			};
			name = Release;
		};
		4557A02E28CE00CA0036043A /* Debug */ = {
			isa = XCBuildConfiguration;
			buildSettings = {
				ALWAYS_EMBED_SWIFT_STANDARD_LIBRARIES = YES;
				BUNDLE_LOADER = "$(TEST_HOST)";
				CODE_SIGN_STYLE = Automatic;
				CURRENT_PROJECT_VERSION = 1;
				GENERATE_INFOPLIST_FILE = YES;
				IPHONEOS_DEPLOYMENT_TARGET = 15.5;
				MARKETING_VERSION = 1.0;
				PRODUCT_BUNDLE_IDENTIFIER = "furkanc.--MapKit-KullanimiTests";
				PRODUCT_NAME = "$(TARGET_NAME)";
				SWIFT_EMIT_LOC_STRINGS = NO;
				SWIFT_VERSION = 5.0;
				TARGETED_DEVICE_FAMILY = "1,2";
				TEST_HOST = "$(BUILT_PRODUCTS_DIR)/2-MapKit Kullanimi.app/2-MapKit Kullanimi";
			};
			name = Debug;
		};
		4557A02F28CE00CA0036043A /* Release */ = {
			isa = XCBuildConfiguration;
			buildSettings = {
				ALWAYS_EMBED_SWIFT_STANDARD_LIBRARIES = YES;
				BUNDLE_LOADER = "$(TEST_HOST)";
				CODE_SIGN_STYLE = Automatic;
				CURRENT_PROJECT_VERSION = 1;
				GENERATE_INFOPLIST_FILE = YES;
				IPHONEOS_DEPLOYMENT_TARGET = 15.5;
				MARKETING_VERSION = 1.0;
				PRODUCT_BUNDLE_IDENTIFIER = "furkanc.--MapKit-KullanimiTests";
				PRODUCT_NAME = "$(TARGET_NAME)";
				SWIFT_EMIT_LOC_STRINGS = NO;
				SWIFT_VERSION = 5.0;
				TARGETED_DEVICE_FAMILY = "1,2";
				TEST_HOST = "$(BUILT_PRODUCTS_DIR)/2-MapKit Kullanimi.app/2-MapKit Kullanimi";
			};
			name = Release;
		};
		4557A03128CE00CA0036043A /* Debug */ = {
			isa = XCBuildConfiguration;
			buildSettings = {
				ALWAYS_EMBED_SWIFT_STANDARD_LIBRARIES = YES;
				CODE_SIGN_STYLE = Automatic;
				CURRENT_PROJECT_VERSION = 1;
				GENERATE_INFOPLIST_FILE = YES;
				MARKETING_VERSION = 1.0;
				PRODUCT_BUNDLE_IDENTIFIER = "furkanc.--MapKit-KullanimiUITests";
				PRODUCT_NAME = "$(TARGET_NAME)";
				SWIFT_EMIT_LOC_STRINGS = NO;
				SWIFT_VERSION = 5.0;
				TARGETED_DEVICE_FAMILY = "1,2";
				TEST_TARGET_NAME = "2-MapKit Kullanimi";
			};
			name = Debug;
		};
		4557A03228CE00CA0036043A /* Release */ = {
			isa = XCBuildConfiguration;
			buildSettings = {
				ALWAYS_EMBED_SWIFT_STANDARD_LIBRARIES = YES;
				CODE_SIGN_STYLE = Automatic;
				CURRENT_PROJECT_VERSION = 1;
				GENERATE_INFOPLIST_FILE = YES;
				MARKETING_VERSION = 1.0;
				PRODUCT_BUNDLE_IDENTIFIER = "furkanc.--MapKit-KullanimiUITests";
				PRODUCT_NAME = "$(TARGET_NAME)";
				SWIFT_EMIT_LOC_STRINGS = NO;
				SWIFT_VERSION = 5.0;
				TARGETED_DEVICE_FAMILY = "1,2";
				TEST_TARGET_NAME = "2-MapKit Kullanimi";
			};
			name = Release;
		};
/* End XCBuildConfiguration section */

/* Begin XCConfigurationList section */
		45579FFB28CE00C90036043A /* Build configuration list for PBXProject "2-MapKit Kullanimi" */ = {
			isa = XCConfigurationList;
			buildConfigurations = (
				4557A02828CE00CA0036043A /* Debug */,
				4557A02928CE00CA0036043A /* Release */,
			);
			defaultConfigurationIsVisible = 0;
			defaultConfigurationName = Release;
		};
		4557A02A28CE00CA0036043A /* Build configuration list for PBXNativeTarget "2-MapKit Kullanimi" */ = {
			isa = XCConfigurationList;
			buildConfigurations = (
				4557A02B28CE00CA0036043A /* Debug */,
				4557A02C28CE00CA0036043A /* Release */,
			);
			defaultConfigurationIsVisible = 0;
			defaultConfigurationName = Release;
		};
		4557A02D28CE00CA0036043A /* Build configuration list for PBXNativeTarget "2-MapKit KullanimiTests" */ = {
			isa = XCConfigurationList;
			buildConfigurations = (
				4557A02E28CE00CA0036043A /* Debug */,
				4557A02F28CE00CA0036043A /* Release */,
			);
			defaultConfigurationIsVisible = 0;
			defaultConfigurationName = Release;
		};
		4557A03028CE00CA0036043A /* Build configuration list for PBXNativeTarget "2-MapKit KullanimiUITests" */ = {
			isa = XCConfigurationList;
			buildConfigurations = (
				4557A03128CE00CA0036043A /* Debug */,
				4557A03228CE00CA0036043A /* Release */,
			);
			defaultConfigurationIsVisible = 0;
			defaultConfigurationName = Release;
		};
/* End XCConfigurationList section */
	};
	rootObject = 45579FF828CE00C90036043A /* Project object */;
}
