// !$*UTF8*$!
{
	archiveVersion = 1;
	classes = {
	};
	objectVersion = 56;
	objects = {

/* Begin PBXBuildFile section */
		4556D19B28E6083F004D1F7B /* __StatikListeApp.swift in Sources */ = {isa = PBXBuildFile; fileRef = 4556D19A28E6083F004D1F7B /* __StatikListeApp.swift */; };
		4556D19D28E6083F004D1F7B /* ContentView.swift in Sources */ = {isa = PBXBuildFile; fileRef = 4556D19C28E6083F004D1F7B /* ContentView.swift */; };
		4556D19F28E60840004D1F7B /* Assets.xcassets in Resources */ = {isa = PBXBuildFile; fileRef = 4556D19E28E60840004D1F7B /* Assets.xcassets */; };
		4556D1A228E60840004D1F7B /* Preview Assets.xcassets in Resources */ = {isa = PBXBuildFile; fileRef = 4556D1A128E60840004D1F7B /* Preview Assets.xcassets */; };
		4556D1AC28E60840004D1F7B /* __StatikListeTests.swift in Sources */ = {isa = PBXBuildFile; fileRef = 4556D1AB28E60840004D1F7B /* __StatikListeTests.swift */; };
		4556D1B628E60840004D1F7B /* __StatikListeUITests.swift in Sources */ = {isa = PBXBuildFile; fileRef = 4556D1B528E60840004D1F7B /* __StatikListeUITests.swift */; };
		4556D1B828E60840004D1F7B /* __StatikListeUITestsLaunchTests.swift in Sources */ = {isa = PBXBuildFile; fileRef = 4556D1B728E60840004D1F7B /* __StatikListeUITestsLaunchTests.swift */; };
/* End PBXBuildFile section */

/* Begin PBXContainerItemProxy section */
		4556D1A828E60840004D1F7B /* PBXContainerItemProxy */ = {
			isa = PBXContainerItemProxy;
			containerPortal = 4556D18F28E6083F004D1F7B /* Project object */;
			proxyType = 1;
			remoteGlobalIDString = 4556D19628E6083F004D1F7B;
			remoteInfo = "3-StatikListe";
		};
		4556D1B228E60840004D1F7B /* PBXContainerItemProxy */ = {
			isa = PBXContainerItemProxy;
			containerPortal = 4556D18F28E6083F004D1F7B /* Project object */;
			proxyType = 1;
			remoteGlobalIDString = 4556D19628E6083F004D1F7B;
			remoteInfo = "3-StatikListe";
		};
/* End PBXContainerItemProxy section */

/* Begin PBXFileReference section */
		4556D19728E6083F004D1F7B /* 3-StatikListe.app */ = {isa = PBXFileReference; explicitFileType = wrapper.application; includeInIndex = 0; path = "3-StatikListe.app"; sourceTree = BUILT_PRODUCTS_DIR; };
		4556D19A28E6083F004D1F7B /* __StatikListeApp.swift */ = {isa = PBXFileReference; lastKnownFileType = sourcecode.swift; path = __StatikListeApp.swift; sourceTree = "<group>"; };
		4556D19C28E6083F004D1F7B /* ContentView.swift */ = {isa = PBXFileReference; lastKnownFileType = sourcecode.swift; path = ContentView.swift; sourceTree = "<group>"; };
		4556D19E28E60840004D1F7B /* Assets.xcassets */ = {isa = PBXFileReference; lastKnownFileType = folder.assetcatalog; path = Assets.xcassets; sourceTree = "<group>"; };
		4556D1A128E60840004D1F7B /* Preview Assets.xcassets */ = {isa = PBXFileReference; lastKnownFileType = folder.assetcatalog; path = "Preview Assets.xcassets"; sourceTree = "<group>"; };
		4556D1A728E60840004D1F7B /* 3-StatikListeTests.xctest */ = {isa = PBXFileReference; explicitFileType = wrapper.cfbundle; includeInIndex = 0; path = "3-StatikListeTests.xctest"; sourceTree = BUILT_PRODUCTS_DIR; };
		4556D1AB28E60840004D1F7B /* __StatikListeTests.swift */ = {isa = PBXFileReference; lastKnownFileType = sourcecode.swift; path = __StatikListeTests.swift; sourceTree = "<group>"; };
		4556D1B128E60840004D1F7B /* 3-StatikListeUITests.xctest */ = {isa = PBXFileReference; explicitFileType = wrapper.cfbundle; includeInIndex = 0; path = "3-StatikListeUITests.xctest"; sourceTree = BUILT_PRODUCTS_DIR; };
		4556D1B528E60840004D1F7B /* __StatikListeUITests.swift */ = {isa = PBXFileReference; lastKnownFileType = sourcecode.swift; path = __StatikListeUITests.swift; sourceTree = "<group>"; };
		4556D1B728E60840004D1F7B /* __StatikListeUITestsLaunchTests.swift */ = {isa = PBXFileReference; lastKnownFileType = sourcecode.swift; path = __StatikListeUITestsLaunchTests.swift; sourceTree = "<group>"; };
/* End PBXFileReference section */

/* Begin PBXFrameworksBuildPhase section */
		4556D19428E6083F004D1F7B /* Frameworks */ = {
			isa = PBXFrameworksBuildPhase;
			buildActionMask = 2147483647;
			files = (
			);
			runOnlyForDeploymentPostprocessing = 0;
		};
		4556D1A428E60840004D1F7B /* Frameworks */ = {
			isa = PBXFrameworksBuildPhase;
			buildActionMask = 2147483647;
			files = (
			);
			runOnlyForDeploymentPostprocessing = 0;
		};
		4556D1AE28E60840004D1F7B /* Frameworks */ = {
			isa = PBXFrameworksBuildPhase;
			buildActionMask = 2147483647;
			files = (
			);
			runOnlyForDeploymentPostprocessing = 0;
		};
/* End PBXFrameworksBuildPhase section */

/* Begin PBXGroup section */
		4556D18E28E6083F004D1F7B = {
			isa = PBXGroup;
			children = (
				4556D19928E6083F004D1F7B /* 3-StatikListe */,
				4556D1AA28E60840004D1F7B /* 3-StatikListeTests */,
				4556D1B428E60840004D1F7B /* 3-StatikListeUITests */,
				4556D19828E6083F004D1F7B /* Products */,
			);
			sourceTree = "<group>";
		};
		4556D19828E6083F004D1F7B /* Products */ = {
			isa = PBXGroup;
			children = (
				4556D19728E6083F004D1F7B /* 3-StatikListe.app */,
				4556D1A728E60840004D1F7B /* 3-StatikListeTests.xctest */,
				4556D1B128E60840004D1F7B /* 3-StatikListeUITests.xctest */,
			);
			name = Products;
			sourceTree = "<group>";
		};
		4556D19928E6083F004D1F7B /* 3-StatikListe */ = {
			isa = PBXGroup;
			children = (
				4556D19A28E6083F004D1F7B /* __StatikListeApp.swift */,
				4556D19C28E6083F004D1F7B /* ContentView.swift */,
				4556D19E28E60840004D1F7B /* Assets.xcassets */,
				4556D1A028E60840004D1F7B /* Preview Content */,
			);
			path = "3-StatikListe";
			sourceTree = "<group>";
		};
		4556D1A028E60840004D1F7B /* Preview Content */ = {
			isa = PBXGroup;
			children = (
				4556D1A128E60840004D1F7B /* Preview Assets.xcassets */,
			);
			path = "Preview Content";
			sourceTree = "<group>";
		};
		4556D1AA28E60840004D1F7B /* 3-StatikListeTests */ = {
			isa = PBXGroup;
			children = (
				4556D1AB28E60840004D1F7B /* __StatikListeTests.swift */,
			);
			path = "3-StatikListeTests";
			sourceTree = "<group>";
		};
		4556D1B428E60840004D1F7B /* 3-StatikListeUITests */ = {
			isa = PBXGroup;
			children = (
				4556D1B528E60840004D1F7B /* __StatikListeUITests.swift */,
				4556D1B728E60840004D1F7B /* __StatikListeUITestsLaunchTests.swift */,
			);
			path = "3-StatikListeUITests";
			sourceTree = "<group>";
		};
/* End PBXGroup section */

/* Begin PBXNativeTarget section */
		4556D19628E6083F004D1F7B /* 3-StatikListe */ = {
			isa = PBXNativeTarget;
			buildConfigurationList = 4556D1BB28E60840004D1F7B /* Build configuration list for PBXNativeTarget "3-StatikListe" */;
			buildPhases = (
				4556D19328E6083F004D1F7B /* Sources */,
				4556D19428E6083F004D1F7B /* Frameworks */,
				4556D19528E6083F004D1F7B /* Resources */,
			);
			buildRules = (
			);
			dependencies = (
			);
			name = "3-StatikListe";
			productName = "3-StatikListe";
			productReference = 4556D19728E6083F004D1F7B /* 3-StatikListe.app */;
			productType = "com.apple.product-type.application";
		};
		4556D1A628E60840004D1F7B /* 3-StatikListeTests */ = {
			isa = PBXNativeTarget;
			buildConfigurationList = 4556D1BE28E60840004D1F7B /* Build configuration list for PBXNativeTarget "3-StatikListeTests" */;
			buildPhases = (
				4556D1A328E60840004D1F7B /* Sources */,
				4556D1A428E60840004D1F7B /* Frameworks */,
				4556D1A528E60840004D1F7B /* Resources */,
			);
			buildRules = (
			);
			dependencies = (
				4556D1A928E60840004D1F7B /* PBXTargetDependency */,
			);
			name = "3-StatikListeTests";
			productName = "3-StatikListeTests";
			productReference = 4556D1A728E60840004D1F7B /* 3-StatikListeTests.xctest */;
			productType = "com.apple.product-type.bundle.unit-test";
		};
		4556D1B028E60840004D1F7B /* 3-StatikListeUITests */ = {
			isa = PBXNativeTarget;
			buildConfigurationList = 4556D1C128E60840004D1F7B /* Build configuration list for PBXNativeTarget "3-StatikListeUITests" */;
			buildPhases = (
				4556D1AD28E60840004D1F7B /* Sources */,
				4556D1AE28E60840004D1F7B /* Frameworks */,
				4556D1AF28E60840004D1F7B /* Resources */,
			);
			buildRules = (
			);
			dependencies = (
				4556D1B328E60840004D1F7B /* PBXTargetDependency */,
			);
			name = "3-StatikListeUITests";
			productName = "3-StatikListeUITests";
			productReference = 4556D1B128E60840004D1F7B /* 3-StatikListeUITests.xctest */;
			productType = "com.apple.product-type.bundle.ui-testing";
		};
/* End PBXNativeTarget section */

/* Begin PBXProject section */
		4556D18F28E6083F004D1F7B /* Project object */ = {
			isa = PBXProject;
			attributes = {
				BuildIndependentTargetsInParallel = 1;
				LastSwiftUpdateCheck = 1400;
				LastUpgradeCheck = 1400;
				TargetAttributes = {
					4556D19628E6083F004D1F7B = {
						CreatedOnToolsVersion = 14.0;
					};
					4556D1A628E60840004D1F7B = {
						CreatedOnToolsVersion = 14.0;
						TestTargetID = 4556D19628E6083F004D1F7B;
					};
					4556D1B028E60840004D1F7B = {
						CreatedOnToolsVersion = 14.0;
						TestTargetID = 4556D19628E6083F004D1F7B;
					};
				};
			};
			buildConfigurationList = 4556D19228E6083F004D1F7B /* Build configuration list for PBXProject "3-StatikListe" */;
			compatibilityVersion = "Xcode 14.0";
			developmentRegion = en;
			hasScannedForEncodings = 0;
			knownRegions = (
				en,
				Base,
			);
			mainGroup = 4556D18E28E6083F004D1F7B;
			productRefGroup = 4556D19828E6083F004D1F7B /* Products */;
			projectDirPath = "";
			projectRoot = "";
			targets = (
				4556D19628E6083F004D1F7B /* 3-StatikListe */,
				4556D1A628E60840004D1F7B /* 3-StatikListeTests */,
				4556D1B028E60840004D1F7B /* 3-StatikListeUITests */,
			);
		};
/* End PBXProject section */

/* Begin PBXResourcesBuildPhase section */
		4556D19528E6083F004D1F7B /* Resources */ = {
			isa = PBXResourcesBuildPhase;
			buildActionMask = 2147483647;
			files = (
				4556D1A228E60840004D1F7B /* Preview Assets.xcassets in Resources */,
				4556D19F28E60840004D1F7B /* Assets.xcassets in Resources */,
			);
			runOnlyForDeploymentPostprocessing = 0;
		};
		4556D1A528E60840004D1F7B /* Resources */ = {
			isa = PBXResourcesBuildPhase;
			buildActionMask = 2147483647;
			files = (
			);
			runOnlyForDeploymentPostprocessing = 0;
		};
		4556D1AF28E60840004D1F7B /* Resources */ = {
			isa = PBXResourcesBuildPhase;
			buildActionMask = 2147483647;
			files = (
			);
			runOnlyForDeploymentPostprocessing = 0;
		};
/* End PBXResourcesBuildPhase section */

/* Begin PBXSourcesBuildPhase section */
		4556D19328E6083F004D1F7B /* Sources */ = {
			isa = PBXSourcesBuildPhase;
			buildActionMask = 2147483647;
			files = (
				4556D19D28E6083F004D1F7B /* ContentView.swift in Sources */,
				4556D19B28E6083F004D1F7B /* __StatikListeApp.swift in Sources */,
			);
			runOnlyForDeploymentPostprocessing = 0;
		};
		4556D1A328E60840004D1F7B /* Sources */ = {
			isa = PBXSourcesBuildPhase;
			buildActionMask = 2147483647;
			files = (
				4556D1AC28E60840004D1F7B /* __StatikListeTests.swift in Sources */,
			);
			runOnlyForDeploymentPostprocessing = 0;
		};
		4556D1AD28E60840004D1F7B /* Sources */ = {
			isa = PBXSourcesBuildPhase;
			buildActionMask = 2147483647;
			files = (
				4556D1B828E60840004D1F7B /* __StatikListeUITestsLaunchTests.swift in Sources */,
				4556D1B628E60840004D1F7B /* __StatikListeUITests.swift in Sources */,
			);
			runOnlyForDeploymentPostprocessing = 0;
		};
/* End PBXSourcesBuildPhase section */

/* Begin PBXTargetDependency section */
		4556D1A928E60840004D1F7B /* PBXTargetDependency */ = {
			isa = PBXTargetDependency;
			target = 4556D19628E6083F004D1F7B /* 3-StatikListe */;
			targetProxy = 4556D1A828E60840004D1F7B /* PBXContainerItemProxy */;
		};
		4556D1B328E60840004D1F7B /* PBXTargetDependency */ = {
			isa = PBXTargetDependency;
			target = 4556D19628E6083F004D1F7B /* 3-StatikListe */;
			targetProxy = 4556D1B228E60840004D1F7B /* PBXContainerItemProxy */;
		};
/* End PBXTargetDependency section */

/* Begin XCBuildConfiguration section */
		4556D1B928E60840004D1F7B /* Debug */ = {
			isa = XCBuildConfiguration;
			buildSettings = {
				ALWAYS_SEARCH_USER_PATHS = NO;
				CLANG_ANALYZER_NONNULL = YES;
				CLANG_ANALYZER_NUMBER_OBJECT_CONVERSION = YES_AGGRESSIVE;
				CLANG_CXX_LANGUAGE_STANDARD = "gnu++20";
				CLANG_ENABLE_MODULES = YES;
				CLANG_ENABLE_OBJC_ARC = YES;
				CLANG_ENABLE_OBJC_WEAK = YES;
				CLANG_WARN_BLOCK_CAPTURE_AUTORELEASING = YES;
				CLANG_WARN_BOOL_CONVERSION = YES;
				CLANG_WARN_COMMA = YES;
				CLANG_WARN_CONSTANT_CONVERSION = YES;
				CLANG_WARN_DEPRECATED_OBJC_IMPLEMENTATIONS = YES;
				CLANG_WARN_DIRECT_OBJC_ISA_USAGE = YES_ERROR;
				CLANG_WARN_DOCUMENTATION_COMMENTS = YES;
				CLANG_WARN_EMPTY_BODY = YES;
				CLANG_WARN_ENUM_CONVERSION = YES;
				CLANG_WARN_INFINITE_RECURSION = YES;
				CLANG_WARN_INT_CONVERSION = YES;
				CLANG_WARN_NON_LITERAL_NULL_CONVERSION = YES;
				CLANG_WARN_OBJC_IMPLICIT_RETAIN_SELF = YES;
				CLANG_WARN_OBJC_LITERAL_CONVERSION = YES;
				CLANG_WARN_OBJC_ROOT_CLASS = YES_ERROR;
				CLANG_WARN_QUOTED_INCLUDE_IN_FRAMEWORK_HEADER = YES;
				CLANG_WARN_RANGE_LOOP_ANALYSIS = YES;
				CLANG_WARN_STRICT_PROTOTYPES = YES;
				CLANG_WARN_SUSPICIOUS_MOVE = YES;
				CLANG_WARN_UNGUARDED_AVAILABILITY = YES_AGGRESSIVE;
				CLANG_WARN_UNREACHABLE_CODE = YES;
				CLANG_WARN__DUPLICATE_METHOD_MATCH = YES;
				COPY_PHASE_STRIP = NO;
				DEBUG_INFORMATION_FORMAT = dwarf;
				ENABLE_STRICT_OBJC_MSGSEND = YES;
				ENABLE_TESTABILITY = YES;
				GCC_C_LANGUAGE_STANDARD = gnu11;
				GCC_DYNAMIC_NO_PIC = NO;
				GCC_NO_COMMON_BLOCKS = YES;
				GCC_OPTIMIZATION_LEVEL = 0;
				GCC_PREPROCESSOR_DEFINITIONS = (
					"DEBUG=1",
					"$(inherited)",
				);
				GCC_WARN_64_TO_32_BIT_CONVERSION = YES;
				GCC_WARN_ABOUT_RETURN_TYPE = YES_ERROR;
				GCC_WARN_UNDECLARED_SELECTOR = YES;
				GCC_WARN_UNINITIALIZED_AUTOS = YES_AGGRESSIVE;
				GCC_WARN_UNUSED_FUNCTION = YES;
				GCC_WARN_UNUSED_VARIABLE = YES;
				IPHONEOS_DEPLOYMENT_TARGET = 16.0;
				MTL_ENABLE_DEBUG_INFO = INCLUDE_SOURCE;
				MTL_FAST_MATH = YES;
				ONLY_ACTIVE_ARCH = YES;
				SDKROOT = iphoneos;
				SWIFT_ACTIVE_COMPILATION_CONDITIONS = DEBUG;
				SWIFT_OPTIMIZATION_LEVEL = "-Onone";
			};
			name = Debug;
		};
		4556D1BA28E60840004D1F7B /* Release */ = {
			isa = XCBuildConfiguration;
			buildSettings = {
				ALWAYS_SEARCH_USER_PATHS = NO;
				CLANG_ANALYZER_NONNULL = YES;
				CLANG_ANALYZER_NUMBER_OBJECT_CONVERSION = YES_AGGRESSIVE;
				CLANG_CXX_LANGUAGE_STANDARD = "gnu++20";
				CLANG_ENABLE_MODULES = YES;
				CLANG_ENABLE_OBJC_ARC = YES;
				CLANG_ENABLE_OBJC_WEAK = YES;
				CLANG_WARN_BLOCK_CAPTURE_AUTORELEASING = YES;
				CLANG_WARN_BOOL_CONVERSION = YES;
				CLANG_WARN_COMMA = YES;
				CLANG_WARN_CONSTANT_CONVERSION = YES;
				CLANG_WARN_DEPRECATED_OBJC_IMPLEMENTATIONS = YES;
				CLANG_WARN_DIRECT_OBJC_ISA_USAGE = YES_ERROR;
				CLANG_WARN_DOCUMENTATION_COMMENTS = YES;
				CLANG_WARN_EMPTY_BODY = YES;
				CLANG_WARN_ENUM_CONVERSION = YES;
				CLANG_WARN_INFINITE_RECURSION = YES;
				CLANG_WARN_INT_CONVERSION = YES;
				CLANG_WARN_NON_LITERAL_NULL_CONVERSION = YES;
				CLANG_WARN_OBJC_IMPLICIT_RETAIN_SELF = YES;
				CLANG_WARN_OBJC_LITERAL_CONVERSION = YES;
				CLANG_WARN_OBJC_ROOT_CLASS = YES_ERROR;
				CLANG_WARN_QUOTED_INCLUDE_IN_FRAMEWORK_HEADER = YES;
				CLANG_WARN_RANGE_LOOP_ANALYSIS = YES;
				CLANG_WARN_STRICT_PROTOTYPES = YES;
				CLANG_WARN_SUSPICIOUS_MOVE = YES;
				CLANG_WARN_UNGUARDED_AVAILABILITY = YES_AGGRESSIVE;
				CLANG_WARN_UNREACHABLE_CODE = YES;
				CLANG_WARN__DUPLICATE_METHOD_MATCH = YES;
				COPY_PHASE_STRIP = NO;
				DEBUG_INFORMATION_FORMAT = "dwarf-with-dsym";
				ENABLE_NS_ASSERTIONS = NO;
				ENABLE_STRICT_OBJC_MSGSEND = YES;
				GCC_C_LANGUAGE_STANDARD = gnu11;
				GCC_NO_COMMON_BLOCKS = YES;
				GCC_WARN_64_TO_32_BIT_CONVERSION = YES;
				GCC_WARN_ABOUT_RETURN_TYPE = YES_ERROR;
				GCC_WARN_UNDECLARED_SELECTOR = YES;
				GCC_WARN_UNINITIALIZED_AUTOS = YES_AGGRESSIVE;
				GCC_WARN_UNUSED_FUNCTION = YES;
				GCC_WARN_UNUSED_VARIABLE = YES;
				IPHONEOS_DEPLOYMENT_TARGET = 16.0;
				MTL_ENABLE_DEBUG_INFO = NO;
				MTL_FAST_MATH = YES;
				SDKROOT = iphoneos;
				SWIFT_COMPILATION_MODE = wholemodule;
				SWIFT_OPTIMIZATION_LEVEL = "-O";
				VALIDATE_PRODUCT = YES;
			};
			name = Release;
		};
		4556D1BC28E60840004D1F7B /* Debug */ = {
			isa = XCBuildConfiguration;
			buildSettings = {
				ASSETCATALOG_COMPILER_APPICON_NAME = AppIcon;
				ASSETCATALOG_COMPILER_GLOBAL_ACCENT_COLOR_NAME = AccentColor;
				CODE_SIGN_STYLE = Automatic;
				CURRENT_PROJECT_VERSION = 1;
				DEVELOPMENT_ASSET_PATHS = "\"3-StatikListe/Preview Content\"";
				ENABLE_PREVIEWS = YES;
				GENERATE_INFOPLIST_FILE = YES;
				INFOPLIST_KEY_UIApplicationSceneManifest_Generation = YES;
				INFOPLIST_KEY_UIApplicationSupportsIndirectInputEvents = YES;
				INFOPLIST_KEY_UILaunchScreen_Generation = YES;
				INFOPLIST_KEY_UISupportedInterfaceOrientations_iPad = "UIInterfaceOrientationPortrait UIInterfaceOrientationPortraitUpsideDown UIInterfaceOrientationLandscapeLeft UIInterfaceOrientationLandscapeRight";
				INFOPLIST_KEY_UISupportedInterfaceOrientations_iPhone = "UIInterfaceOrientationPortrait UIInterfaceOrientationLandscapeLeft UIInterfaceOrientationLandscapeRight";
				LD_RUNPATH_SEARCH_PATHS = (
					"$(inherited)",
					"@executable_path/Frameworks",
				);
				MARKETING_VERSION = 1.0;
				PRODUCT_BUNDLE_IDENTIFIER = "furkanc.--StatikListe";
				PRODUCT_NAME = "$(TARGET_NAME)";
				SWIFT_EMIT_LOC_STRINGS = YES;
				SWIFT_VERSION = 5.0;
				TARGETED_DEVICE_FAMILY = "1,2";
			};
			name = Debug;
		};
		4556D1BD28E60840004D1F7B /* Release */ = {
			isa = XCBuildConfiguration;
			buildSettings = {
				ASSETCATALOG_COMPILER_APPICON_NAME = AppIcon;
				ASSETCATALOG_COMPILER_GLOBAL_ACCENT_COLOR_NAME = AccentColor;
				CODE_SIGN_STYLE = Automatic;
				CURRENT_PROJECT_VERSION = 1;
				DEVELOPMENT_ASSET_PATHS = "\"3-StatikListe/Preview Content\"";
				ENABLE_PREVIEWS = YES;
				GENERATE_INFOPLIST_FILE = YES;
				INFOPLIST_KEY_UIApplicationSceneManifest_Generation = YES;
				INFOPLIST_KEY_UIApplicationSupportsIndirectInputEvents = YES;
				INFOPLIST_KEY_UILaunchScreen_Generation = YES;
				INFOPLIST_KEY_UISupportedInterfaceOrientations_iPad = "UIInterfaceOrientationPortrait UIInterfaceOrientationPortraitUpsideDown UIInterfaceOrientationLandscapeLeft UIInterfaceOrientationLandscapeRight";
				INFOPLIST_KEY_UISupportedInterfaceOrientations_iPhone = "UIInterfaceOrientationPortrait UIInterfaceOrientationLandscapeLeft UIInterfaceOrientationLandscapeRight";
				LD_RUNPATH_SEARCH_PATHS = (
					"$(inherited)",
					"@executable_path/Frameworks",
				);
				MARKETING_VERSION = 1.0;
				PRODUCT_BUNDLE_IDENTIFIER = "furkanc.--StatikListe";
				PRODUCT_NAME = "$(TARGET_NAME)";
				SWIFT_EMIT_LOC_STRINGS = YES;
				SWIFT_VERSION = 5.0;
				TARGETED_DEVICE_FAMILY = "1,2";
			};
			name = Release;
		};
		4556D1BF28E60840004D1F7B /* Debug */ = {
			isa = XCBuildConfiguration;
			buildSettings = {
				ALWAYS_EMBED_SWIFT_STANDARD_LIBRARIES = YES;
				BUNDLE_LOADER = "$(TEST_HOST)";
				CODE_SIGN_STYLE = Automatic;
				CURRENT_PROJECT_VERSION = 1;
				GENERATE_INFOPLIST_FILE = YES;
				IPHONEOS_DEPLOYMENT_TARGET = 16.0;
				MARKETING_VERSION = 1.0;
				PRODUCT_BUNDLE_IDENTIFIER = "furkanc.--StatikListeTests";
				PRODUCT_NAME = "$(TARGET_NAME)";
				SWIFT_EMIT_LOC_STRINGS = NO;
				SWIFT_VERSION = 5.0;
				TARGETED_DEVICE_FAMILY = "1,2";
				TEST_HOST = "$(BUILT_PRODUCTS_DIR)/3-StatikListe.app/$(BUNDLE_EXECUTABLE_FOLDER_PATH)/3-StatikListe";
			};
			name = Debug;
		};
		4556D1C028E60840004D1F7B /* Release */ = {
			isa = XCBuildConfiguration;
			buildSettings = {
				ALWAYS_EMBED_SWIFT_STANDARD_LIBRARIES = YES;
				BUNDLE_LOADER = "$(TEST_HOST)";
				CODE_SIGN_STYLE = Automatic;
				CURRENT_PROJECT_VERSION = 1;
				GENERATE_INFOPLIST_FILE = YES;
				IPHONEOS_DEPLOYMENT_TARGET = 16.0;
				MARKETING_VERSION = 1.0;
				PRODUCT_BUNDLE_IDENTIFIER = "furkanc.--StatikListeTests";
				PRODUCT_NAME = "$(TARGET_NAME)";
				SWIFT_EMIT_LOC_STRINGS = NO;
				SWIFT_VERSION = 5.0;
				TARGETED_DEVICE_FAMILY = "1,2";
				TEST_HOST = "$(BUILT_PRODUCTS_DIR)/3-StatikListe.app/$(BUNDLE_EXECUTABLE_FOLDER_PATH)/3-StatikListe";
			};
			name = Release;
		};
		4556D1C228E60840004D1F7B /* Debug */ = {
			isa = XCBuildConfiguration;
			buildSettings = {
				ALWAYS_EMBED_SWIFT_STANDARD_LIBRARIES = YES;
				CODE_SIGN_STYLE = Automatic;
				CURRENT_PROJECT_VERSION = 1;
				GENERATE_INFOPLIST_FILE = YES;
				MARKETING_VERSION = 1.0;
				PRODUCT_BUNDLE_IDENTIFIER = "furkanc.--StatikListeUITests";
				PRODUCT_NAME = "$(TARGET_NAME)";
				SWIFT_EMIT_LOC_STRINGS = NO;
				SWIFT_VERSION = 5.0;
				TARGETED_DEVICE_FAMILY = "1,2";
				TEST_TARGET_NAME = "3-StatikListe";
			};
			name = Debug;
		};
		4556D1C328E60840004D1F7B /* Release */ = {
			isa = XCBuildConfiguration;
			buildSettings = {
				ALWAYS_EMBED_SWIFT_STANDARD_LIBRARIES = YES;
				CODE_SIGN_STYLE = Automatic;
				CURRENT_PROJECT_VERSION = 1;
				GENERATE_INFOPLIST_FILE = YES;
				MARKETING_VERSION = 1.0;
				PRODUCT_BUNDLE_IDENTIFIER = "furkanc.--StatikListeUITests";
				PRODUCT_NAME = "$(TARGET_NAME)";
				SWIFT_EMIT_LOC_STRINGS = NO;
				SWIFT_VERSION = 5.0;
				TARGETED_DEVICE_FAMILY = "1,2";
				TEST_TARGET_NAME = "3-StatikListe";
			};
			name = Release;
		};
/* End XCBuildConfiguration section */

/* Begin XCConfigurationList section */
		4556D19228E6083F004D1F7B /* Build configuration list for PBXProject "3-StatikListe" */ = {
			isa = XCConfigurationList;
			buildConfigurations = (
				4556D1B928E60840004D1F7B /* Debug */,
				4556D1BA28E60840004D1F7B /* Release */,
			);
			defaultConfigurationIsVisible = 0;
			defaultConfigurationName = Release;
		};
		4556D1BB28E60840004D1F7B /* Build configuration list for PBXNativeTarget "3-StatikListe" */ = {
			isa = XCConfigurationList;
			buildConfigurations = (
				4556D1BC28E60840004D1F7B /* Debug */,
				4556D1BD28E60840004D1F7B /* Release */,
			);
			defaultConfigurationIsVisible = 0;
			defaultConfigurationName = Release;
		};
		4556D1BE28E60840004D1F7B /* Build configuration list for PBXNativeTarget "3-StatikListeTests" */ = {
			isa = XCConfigurationList;
			buildConfigurations = (
				4556D1BF28E60840004D1F7B /* Debug */,
				4556D1C028E60840004D1F7B /* Release */,
			);
			defaultConfigurationIsVisible = 0;
			defaultConfigurationName = Release;
		};
		4556D1C128E60840004D1F7B /* Build configuration list for PBXNativeTarget "3-StatikListeUITests" */ = {
			isa = XCConfigurationList;
			buildConfigurations = (
				4556D1C228E60840004D1F7B /* Debug */,
				4556D1C328E60840004D1F7B /* Release */,
			);
			defaultConfigurationIsVisible = 0;
			defaultConfigurationName = Release;
		};
/* End XCConfigurationList section */
	};
	rootObject = 4556D18F28E6083F004D1F7B /* Project object */;
}
