// !$*UTF8*$!
{
	archiveVersion = 1;
	classes = {
	};
	objectVersion = 55;
	objects = {

/* Begin PBXBuildFile section */
		458BEAF028B7DCFF00D93D1F /* AppDelegate.swift in Sources */ = {isa = PBXBuildFile; fileRef = 458BEAEF28B7DCFF00D93D1F /* AppDelegate.swift */; };
		458BEAF228B7DCFF00D93D1F /* SceneDelegate.swift in Sources */ = {isa = PBXBuildFile; fileRef = 458BEAF128B7DCFF00D93D1F /* SceneDelegate.swift */; };
		458BEAF428B7DCFF00D93D1F /* ViewController.swift in Sources */ = {isa = PBXBuildFile; fileRef = 458BEAF328B7DCFF00D93D1F /* ViewController.swift */; };
		458BEAF728B7DCFF00D93D1F /* Main.storyboard in Resources */ = {isa = PBXBuildFile; fileRef = 458BEAF528B7DCFF00D93D1F /* Main.storyboard */; };
		458BEAF928B7DD0000D93D1F /* Assets.xcassets in Resources */ = {isa = PBXBuildFile; fileRef = 458BEAF828B7DD0000D93D1F /* Assets.xcassets */; };
		458BEAFC28B7DD0000D93D1F /* LaunchScreen.storyboard in Resources */ = {isa = PBXBuildFile; fileRef = 458BEAFA28B7DD0000D93D1F /* LaunchScreen.storyboard */; };
		458BEB0728B7DD0000D93D1F /* __Custom_TableView_kullan_m_Tests.swift in Sources */ = {isa = PBXBuildFile; fileRef = 458BEB0628B7DD0000D93D1F /* __Custom_TableView_kullan_m_Tests.swift */; };
		458BEB1128B7DD0000D93D1F /* __Custom_TableView_kullan_m_UITests.swift in Sources */ = {isa = PBXBuildFile; fileRef = 458BEB1028B7DD0000D93D1F /* __Custom_TableView_kullan_m_UITests.swift */; };
		458BEB1328B7DD0000D93D1F /* __Custom_TableView_kullan_m_UITestsLaunchTests.swift in Sources */ = {isa = PBXBuildFile; fileRef = 458BEB1228B7DD0000D93D1F /* __Custom_TableView_kullan_m_UITestsLaunchTests.swift */; };
		458BEB2028B7DD9400D93D1F /* TableViewCell.swift in Sources */ = {isa = PBXBuildFile; fileRef = 458BEB1F28B7DD9400D93D1F /* TableViewCell.swift */; };
		458BEB2228B7DE2F00D93D1F /* Persons.swift in Sources */ = {isa = PBXBuildFile; fileRef = 458BEB2128B7DE2F00D93D1F /* Persons.swift */; };
/* End PBXBuildFile section */

/* Begin PBXContainerItemProxy section */
		458BEB0328B7DD0000D93D1F /* PBXContainerItemProxy */ = {
			isa = PBXContainerItemProxy;
			containerPortal = 458BEAE428B7DCFF00D93D1F /* Project object */;
			proxyType = 1;
			remoteGlobalIDString = 458BEAEB28B7DCFF00D93D1F;
			remoteInfo = "8-Custom TableView kullanımı";
		};
		458BEB0D28B7DD0000D93D1F /* PBXContainerItemProxy */ = {
			isa = PBXContainerItemProxy;
			containerPortal = 458BEAE428B7DCFF00D93D1F /* Project object */;
			proxyType = 1;
			remoteGlobalIDString = 458BEAEB28B7DCFF00D93D1F;
			remoteInfo = "8-Custom TableView kullanımı";
		};
/* End PBXContainerItemProxy section */

/* Begin PBXFileReference section */
		458BEAEC28B7DCFF00D93D1F /* 8-Custom TableView kullanımı.app */ = {isa = PBXFileReference; explicitFileType = wrapper.application; includeInIndex = 0; path = "8-Custom TableView kullanımı.app"; sourceTree = BUILT_PRODUCTS_DIR; };
		458BEAEF28B7DCFF00D93D1F /* AppDelegate.swift */ = {isa = PBXFileReference; lastKnownFileType = sourcecode.swift; path = AppDelegate.swift; sourceTree = "<group>"; };
		458BEAF128B7DCFF00D93D1F /* SceneDelegate.swift */ = {isa = PBXFileReference; lastKnownFileType = sourcecode.swift; path = SceneDelegate.swift; sourceTree = "<group>"; };
		458BEAF328B7DCFF00D93D1F /* ViewController.swift */ = {isa = PBXFileReference; lastKnownFileType = sourcecode.swift; path = ViewController.swift; sourceTree = "<group>"; };
		458BEAF628B7DCFF00D93D1F /* Base */ = {isa = PBXFileReference; lastKnownFileType = file.storyboard; name = Base; path = Base.lproj/Main.storyboard; sourceTree = "<group>"; };
		458BEAF828B7DD0000D93D1F /* Assets.xcassets */ = {isa = PBXFileReference; lastKnownFileType = folder.assetcatalog; path = Assets.xcassets; sourceTree = "<group>"; };
		458BEAFB28B7DD0000D93D1F /* Base */ = {isa = PBXFileReference; lastKnownFileType = file.storyboard; name = Base; path = Base.lproj/LaunchScreen.storyboard; sourceTree = "<group>"; };
		458BEAFD28B7DD0000D93D1F /* Info.plist */ = {isa = PBXFileReference; lastKnownFileType = text.plist.xml; path = Info.plist; sourceTree = "<group>"; };
		458BEB0228B7DD0000D93D1F /* 8-Custom TableView kullanımıTests.xctest */ = {isa = PBXFileReference; explicitFileType = wrapper.cfbundle; includeInIndex = 0; path = "8-Custom TableView kullanımıTests.xctest"; sourceTree = BUILT_PRODUCTS_DIR; };
		458BEB0628B7DD0000D93D1F /* __Custom_TableView_kullan_m_Tests.swift */ = {isa = PBXFileReference; lastKnownFileType = sourcecode.swift; path = __Custom_TableView_kullan_m_Tests.swift; sourceTree = "<group>"; };
		458BEB0C28B7DD0000D93D1F /* 8-Custom TableView kullanımıUITests.xctest */ = {isa = PBXFileReference; explicitFileType = wrapper.cfbundle; includeInIndex = 0; path = "8-Custom TableView kullanımıUITests.xctest"; sourceTree = BUILT_PRODUCTS_DIR; };
		458BEB1028B7DD0000D93D1F /* __Custom_TableView_kullan_m_UITests.swift */ = {isa = PBXFileReference; lastKnownFileType = sourcecode.swift; path = __Custom_TableView_kullan_m_UITests.swift; sourceTree = "<group>"; };
		458BEB1228B7DD0000D93D1F /* __Custom_TableView_kullan_m_UITestsLaunchTests.swift */ = {isa = PBXFileReference; lastKnownFileType = sourcecode.swift; path = __Custom_TableView_kullan_m_UITestsLaunchTests.swift; sourceTree = "<group>"; };
		458BEB1F28B7DD9400D93D1F /* TableViewCell.swift */ = {isa = PBXFileReference; lastKnownFileType = sourcecode.swift; path = TableViewCell.swift; sourceTree = "<group>"; };
		458BEB2128B7DE2F00D93D1F /* Persons.swift */ = {isa = PBXFileReference; lastKnownFileType = sourcecode.swift; path = Persons.swift; sourceTree = "<group>"; };
/* End PBXFileReference section */

/* Begin PBXFrameworksBuildPhase section */
		458BEAE928B7DCFF00D93D1F /* Frameworks */ = {
			isa = PBXFrameworksBuildPhase;
			buildActionMask = 2147483647;
			files = (
			);
			runOnlyForDeploymentPostprocessing = 0;
		};
		458BEAFF28B7DD0000D93D1F /* Frameworks */ = {
			isa = PBXFrameworksBuildPhase;
			buildActionMask = 2147483647;
			files = (
			);
			runOnlyForDeploymentPostprocessing = 0;
		};
		458BEB0928B7DD0000D93D1F /* Frameworks */ = {
			isa = PBXFrameworksBuildPhase;
			buildActionMask = 2147483647;
			files = (
			);
			runOnlyForDeploymentPostprocessing = 0;
		};
/* End PBXFrameworksBuildPhase section */

/* Begin PBXGroup section */
		458BEAE328B7DCFF00D93D1F = {
			isa = PBXGroup;
			children = (
				458BEAEE28B7DCFF00D93D1F /* 8-Custom TableView kullanımı */,
				458BEB0528B7DD0000D93D1F /* 8-Custom TableView kullanımıTests */,
				458BEB0F28B7DD0000D93D1F /* 8-Custom TableView kullanımıUITests */,
				458BEAED28B7DCFF00D93D1F /* Products */,
			);
			sourceTree = "<group>";
		};
		458BEAED28B7DCFF00D93D1F /* Products */ = {
			isa = PBXGroup;
			children = (
				458BEAEC28B7DCFF00D93D1F /* 8-Custom TableView kullanımı.app */,
				458BEB0228B7DD0000D93D1F /* 8-Custom TableView kullanımıTests.xctest */,
				458BEB0C28B7DD0000D93D1F /* 8-Custom TableView kullanımıUITests.xctest */,
			);
			name = Products;
			sourceTree = "<group>";
		};
		458BEAEE28B7DCFF00D93D1F /* 8-Custom TableView kullanımı */ = {
			isa = PBXGroup;
			children = (
				458BEAEF28B7DCFF00D93D1F /* AppDelegate.swift */,
				458BEAF128B7DCFF00D93D1F /* SceneDelegate.swift */,
				458BEAF328B7DCFF00D93D1F /* ViewController.swift */,
				458BEAF528B7DCFF00D93D1F /* Main.storyboard */,
				458BEAF828B7DD0000D93D1F /* Assets.xcassets */,
				458BEAFA28B7DD0000D93D1F /* LaunchScreen.storyboard */,
				458BEAFD28B7DD0000D93D1F /* Info.plist */,
				458BEB1F28B7DD9400D93D1F /* TableViewCell.swift */,
				458BEB2128B7DE2F00D93D1F /* Persons.swift */,
			);
			path = "8-Custom TableView kullanımı";
			sourceTree = "<group>";
		};
		458BEB0528B7DD0000D93D1F /* 8-Custom TableView kullanımıTests */ = {
			isa = PBXGroup;
			children = (
				458BEB0628B7DD0000D93D1F /* __Custom_TableView_kullan_m_Tests.swift */,
			);
			path = "8-Custom TableView kullanımıTests";
			sourceTree = "<group>";
		};
		458BEB0F28B7DD0000D93D1F /* 8-Custom TableView kullanımıUITests */ = {
			isa = PBXGroup;
			children = (
				458BEB1028B7DD0000D93D1F /* __Custom_TableView_kullan_m_UITests.swift */,
				458BEB1228B7DD0000D93D1F /* __Custom_TableView_kullan_m_UITestsLaunchTests.swift */,
			);
			path = "8-Custom TableView kullanımıUITests";
			sourceTree = "<group>";
		};
/* End PBXGroup section */

/* Begin PBXNativeTarget section */
		458BEAEB28B7DCFF00D93D1F /* 8-Custom TableView kullanımı */ = {
			isa = PBXNativeTarget;
			buildConfigurationList = 458BEB1628B7DD0000D93D1F /* Build configuration list for PBXNativeTarget "8-Custom TableView kullanımı" */;
			buildPhases = (
				458BEAE828B7DCFF00D93D1F /* Sources */,
				458BEAE928B7DCFF00D93D1F /* Frameworks */,
				458BEAEA28B7DCFF00D93D1F /* Resources */,
			);
			buildRules = (
			);
			dependencies = (
			);
			name = "8-Custom TableView kullanımı";
			productName = "8-Custom TableView kullanımı";
			productReference = 458BEAEC28B7DCFF00D93D1F /* 8-Custom TableView kullanımı.app */;
			productType = "com.apple.product-type.application";
		};
		458BEB0128B7DD0000D93D1F /* 8-Custom TableView kullanımıTests */ = {
			isa = PBXNativeTarget;
			buildConfigurationList = 458BEB1928B7DD0000D93D1F /* Build configuration list for PBXNativeTarget "8-Custom TableView kullanımıTests" */;
			buildPhases = (
				458BEAFE28B7DD0000D93D1F /* Sources */,
				458BEAFF28B7DD0000D93D1F /* Frameworks */,
				458BEB0028B7DD0000D93D1F /* Resources */,
			);
			buildRules = (
			);
			dependencies = (
				458BEB0428B7DD0000D93D1F /* PBXTargetDependency */,
			);
			name = "8-Custom TableView kullanımıTests";
			productName = "8-Custom TableView kullanımıTests";
			productReference = 458BEB0228B7DD0000D93D1F /* 8-Custom TableView kullanımıTests.xctest */;
			productType = "com.apple.product-type.bundle.unit-test";
		};
		458BEB0B28B7DD0000D93D1F /* 8-Custom TableView kullanımıUITests */ = {
			isa = PBXNativeTarget;
			buildConfigurationList = 458BEB1C28B7DD0000D93D1F /* Build configuration list for PBXNativeTarget "8-Custom TableView kullanımıUITests" */;
			buildPhases = (
				458BEB0828B7DD0000D93D1F /* Sources */,
				458BEB0928B7DD0000D93D1F /* Frameworks */,
				458BEB0A28B7DD0000D93D1F /* Resources */,
			);
			buildRules = (
			);
			dependencies = (
				458BEB0E28B7DD0000D93D1F /* PBXTargetDependency */,
			);
			name = "8-Custom TableView kullanımıUITests";
			productName = "8-Custom TableView kullanımıUITests";
			productReference = 458BEB0C28B7DD0000D93D1F /* 8-Custom TableView kullanımıUITests.xctest */;
			productType = "com.apple.product-type.bundle.ui-testing";
		};
/* End PBXNativeTarget section */

/* Begin PBXProject section */
		458BEAE428B7DCFF00D93D1F /* Project object */ = {
			isa = PBXProject;
			attributes = {
				BuildIndependentTargetsInParallel = 1;
				LastSwiftUpdateCheck = 1340;
				LastUpgradeCheck = 1340;
				TargetAttributes = {
					458BEAEB28B7DCFF00D93D1F = {
						CreatedOnToolsVersion = 13.4.1;
					};
					458BEB0128B7DD0000D93D1F = {
						CreatedOnToolsVersion = 13.4.1;
						TestTargetID = 458BEAEB28B7DCFF00D93D1F;
					};
					458BEB0B28B7DD0000D93D1F = {
						CreatedOnToolsVersion = 13.4.1;
						TestTargetID = 458BEAEB28B7DCFF00D93D1F;
					};
				};
			};
			buildConfigurationList = 458BEAE728B7DCFF00D93D1F /* Build configuration list for PBXProject "8-Custom TableView kullanımı" */;
			compatibilityVersion = "Xcode 13.0";
			developmentRegion = en;
			hasScannedForEncodings = 0;
			knownRegions = (
				en,
				Base,
			);
			mainGroup = 458BEAE328B7DCFF00D93D1F;
			productRefGroup = 458BEAED28B7DCFF00D93D1F /* Products */;
			projectDirPath = "";
			projectRoot = "";
			targets = (
				458BEAEB28B7DCFF00D93D1F /* 8-Custom TableView kullanımı */,
				458BEB0128B7DD0000D93D1F /* 8-Custom TableView kullanımıTests */,
				458BEB0B28B7DD0000D93D1F /* 8-Custom TableView kullanımıUITests */,
			);
		};
/* End PBXProject section */

/* Begin PBXResourcesBuildPhase section */
		458BEAEA28B7DCFF00D93D1F /* Resources */ = {
			isa = PBXResourcesBuildPhase;
			buildActionMask = 2147483647;
			files = (
				458BEAFC28B7DD0000D93D1F /* LaunchScreen.storyboard in Resources */,
				458BEAF928B7DD0000D93D1F /* Assets.xcassets in Resources */,
				458BEAF728B7DCFF00D93D1F /* Main.storyboard in Resources */,
			);
			runOnlyForDeploymentPostprocessing = 0;
		};
		458BEB0028B7DD0000D93D1F /* Resources */ = {
			isa = PBXResourcesBuildPhase;
			buildActionMask = 2147483647;
			files = (
			);
			runOnlyForDeploymentPostprocessing = 0;
		};
		458BEB0A28B7DD0000D93D1F /* Resources */ = {
			isa = PBXResourcesBuildPhase;
			buildActionMask = 2147483647;
			files = (
			);
			runOnlyForDeploymentPostprocessing = 0;
		};
/* End PBXResourcesBuildPhase section */

/* Begin PBXSourcesBuildPhase section */
		458BEAE828B7DCFF00D93D1F /* Sources */ = {
			isa = PBXSourcesBuildPhase;
			buildActionMask = 2147483647;
			files = (
				458BEAF428B7DCFF00D93D1F /* ViewController.swift in Sources */,
				458BEB2028B7DD9400D93D1F /* TableViewCell.swift in Sources */,
				458BEAF028B7DCFF00D93D1F /* AppDelegate.swift in Sources */,
				458BEB2228B7DE2F00D93D1F /* Persons.swift in Sources */,
				458BEAF228B7DCFF00D93D1F /* SceneDelegate.swift in Sources */,
			);
			runOnlyForDeploymentPostprocessing = 0;
		};
		458BEAFE28B7DD0000D93D1F /* Sources */ = {
			isa = PBXSourcesBuildPhase;
			buildActionMask = 2147483647;
			files = (
				458BEB0728B7DD0000D93D1F /* __Custom_TableView_kullan_m_Tests.swift in Sources */,
			);
			runOnlyForDeploymentPostprocessing = 0;
		};
		458BEB0828B7DD0000D93D1F /* Sources */ = {
			isa = PBXSourcesBuildPhase;
			buildActionMask = 2147483647;
			files = (
				458BEB1328B7DD0000D93D1F /* __Custom_TableView_kullan_m_UITestsLaunchTests.swift in Sources */,
				458BEB1128B7DD0000D93D1F /* __Custom_TableView_kullan_m_UITests.swift in Sources */,
			);
			runOnlyForDeploymentPostprocessing = 0;
		};
/* End PBXSourcesBuildPhase section */

/* Begin PBXTargetDependency section */
		458BEB0428B7DD0000D93D1F /* PBXTargetDependency */ = {
			isa = PBXTargetDependency;
			target = 458BEAEB28B7DCFF00D93D1F /* 8-Custom TableView kullanımı */;
			targetProxy = 458BEB0328B7DD0000D93D1F /* PBXContainerItemProxy */;
		};
		458BEB0E28B7DD0000D93D1F /* PBXTargetDependency */ = {
			isa = PBXTargetDependency;
			target = 458BEAEB28B7DCFF00D93D1F /* 8-Custom TableView kullanımı */;
			targetProxy = 458BEB0D28B7DD0000D93D1F /* PBXContainerItemProxy */;
		};
/* End PBXTargetDependency section */

/* Begin PBXVariantGroup section */
		458BEAF528B7DCFF00D93D1F /* Main.storyboard */ = {
			isa = PBXVariantGroup;
			children = (
				458BEAF628B7DCFF00D93D1F /* Base */,
			);
			name = Main.storyboard;
			sourceTree = "<group>";
		};
		458BEAFA28B7DD0000D93D1F /* LaunchScreen.storyboard */ = {
			isa = PBXVariantGroup;
			children = (
				458BEAFB28B7DD0000D93D1F /* Base */,
			);
			name = LaunchScreen.storyboard;
			sourceTree = "<group>";
		};
/* End PBXVariantGroup section */

/* Begin XCBuildConfiguration section */
		458BEB1428B7DD0000D93D1F /* Debug */ = {
			isa = XCBuildConfiguration;
			buildSettings = {
				ALWAYS_SEARCH_USER_PATHS = NO;
				CLANG_ANALYZER_NONNULL = YES;
				CLANG_ANALYZER_NUMBER_OBJECT_CONVERSION = YES_AGGRESSIVE;
				CLANG_CXX_LANGUAGE_STANDARD = "gnu++17";
				CLANG_ENABLE_MODULES = YES;
				CLANG_ENABLE_OBJC_ARC = YES;
				CLANG_ENABLE_OBJC_WEAK = YES;
				CLANG_WARN_BLOCK_CAPTURE_AUTORELEASING = YES;
				CLANG_WARN_BOOL_CONVERSION = YES;
				CLANG_WARN_COMMA = YES;
				CLANG_WARN_CONSTANT_CONVERSION = YES;
				CLANG_WARN_DEPRECATED_OBJC_IMPLEMENTATIONS = YES;
				CLANG_WARN_DIRECT_OBJC_ISA_USAGE = YES_ERROR;
				CLANG_WARN_DOCUMENTATION_COMMENTS = YES;
				CLANG_WARN_EMPTY_BODY = YES;
				CLANG_WARN_ENUM_CONVERSION = YES;
				CLANG_WARN_INFINITE_RECURSION = YES;
				CLANG_WARN_INT_CONVERSION = YES;
				CLANG_WARN_NON_LITERAL_NULL_CONVERSION = YES;
				CLANG_WARN_OBJC_IMPLICIT_RETAIN_SELF = YES;
				CLANG_WARN_OBJC_LITERAL_CONVERSION = YES;
				CLANG_WARN_OBJC_ROOT_CLASS = YES_ERROR;
				CLANG_WARN_QUOTED_INCLUDE_IN_FRAMEWORK_HEADER = YES;
				CLANG_WARN_RANGE_LOOP_ANALYSIS = YES;
				CLANG_WARN_STRICT_PROTOTYPES = YES;
				CLANG_WARN_SUSPICIOUS_MOVE = YES;
				CLANG_WARN_UNGUARDED_AVAILABILITY = YES_AGGRESSIVE;
				CLANG_WARN_UNREACHABLE_CODE = YES;
				CLANG_WARN__DUPLICATE_METHOD_MATCH = YES;
				COPY_PHASE_STRIP = NO;
				DEBUG_INFORMATION_FORMAT = dwarf;
				ENABLE_STRICT_OBJC_MSGSEND = YES;
				ENABLE_TESTABILITY = YES;
				GCC_C_LANGUAGE_STANDARD = gnu11;
				GCC_DYNAMIC_NO_PIC = NO;
				GCC_NO_COMMON_BLOCKS = YES;
				GCC_OPTIMIZATION_LEVEL = 0;
				GCC_PREPROCESSOR_DEFINITIONS = (
					"DEBUG=1",
					"$(inherited)",
				);
				GCC_WARN_64_TO_32_BIT_CONVERSION = YES;
				GCC_WARN_ABOUT_RETURN_TYPE = YES_ERROR;
				GCC_WARN_UNDECLARED_SELECTOR = YES;
				GCC_WARN_UNINITIALIZED_AUTOS = YES_AGGRESSIVE;
				GCC_WARN_UNUSED_FUNCTION = YES;
				GCC_WARN_UNUSED_VARIABLE = YES;
				IPHONEOS_DEPLOYMENT_TARGET = 15.5;
				MTL_ENABLE_DEBUG_INFO = INCLUDE_SOURCE;
				MTL_FAST_MATH = YES;
				ONLY_ACTIVE_ARCH = YES;
				SDKROOT = iphoneos;
				SWIFT_ACTIVE_COMPILATION_CONDITIONS = DEBUG;
				SWIFT_OPTIMIZATION_LEVEL = "-Onone";
			};
			name = Debug;
		};
		458BEB1528B7DD0000D93D1F /* Release */ = {
			isa = XCBuildConfiguration;
			buildSettings = {
				ALWAYS_SEARCH_USER_PATHS = NO;
				CLANG_ANALYZER_NONNULL = YES;
				CLANG_ANALYZER_NUMBER_OBJECT_CONVERSION = YES_AGGRESSIVE;
				CLANG_CXX_LANGUAGE_STANDARD = "gnu++17";
				CLANG_ENABLE_MODULES = YES;
				CLANG_ENABLE_OBJC_ARC = YES;
				CLANG_ENABLE_OBJC_WEAK = YES;
				CLANG_WARN_BLOCK_CAPTURE_AUTORELEASING = YES;
				CLANG_WARN_BOOL_CONVERSION = YES;
				CLANG_WARN_COMMA = YES;
				CLANG_WARN_CONSTANT_CONVERSION = YES;
				CLANG_WARN_DEPRECATED_OBJC_IMPLEMENTATIONS = YES;
				CLANG_WARN_DIRECT_OBJC_ISA_USAGE = YES_ERROR;
				CLANG_WARN_DOCUMENTATION_COMMENTS = YES;
				CLANG_WARN_EMPTY_BODY = YES;
				CLANG_WARN_ENUM_CONVERSION = YES;
				CLANG_WARN_INFINITE_RECURSION = YES;
				CLANG_WARN_INT_CONVERSION = YES;
				CLANG_WARN_NON_LITERAL_NULL_CONVERSION = YES;
				CLANG_WARN_OBJC_IMPLICIT_RETAIN_SELF = YES;
				CLANG_WARN_OBJC_LITERAL_CONVERSION = YES;
				CLANG_WARN_OBJC_ROOT_CLASS = YES_ERROR;
				CLANG_WARN_QUOTED_INCLUDE_IN_FRAMEWORK_HEADER = YES;
				CLANG_WARN_RANGE_LOOP_ANALYSIS = YES;
				CLANG_WARN_STRICT_PROTOTYPES = YES;
				CLANG_WARN_SUSPICIOUS_MOVE = YES;
				CLANG_WARN_UNGUARDED_AVAILABILITY = YES_AGGRESSIVE;
				CLANG_WARN_UNREACHABLE_CODE = YES;
				CLANG_WARN__DUPLICATE_METHOD_MATCH = YES;
				COPY_PHASE_STRIP = NO;
				DEBUG_INFORMATION_FORMAT = "dwarf-with-dsym";
				ENABLE_NS_ASSERTIONS = NO;
				ENABLE_STRICT_OBJC_MSGSEND = YES;
				GCC_C_LANGUAGE_STANDARD = gnu11;
				GCC_NO_COMMON_BLOCKS = YES;
				GCC_WARN_64_TO_32_BIT_CONVERSION = YES;
				GCC_WARN_ABOUT_RETURN_TYPE = YES_ERROR;
				GCC_WARN_UNDECLARED_SELECTOR = YES;
				GCC_WARN_UNINITIALIZED_AUTOS = YES_AGGRESSIVE;
				GCC_WARN_UNUSED_FUNCTION = YES;
				GCC_WARN_UNUSED_VARIABLE = YES;
				IPHONEOS_DEPLOYMENT_TARGET = 15.5;
				MTL_ENABLE_DEBUG_INFO = NO;
				MTL_FAST_MATH = YES;
				SDKROOT = iphoneos;
				SWIFT_COMPILATION_MODE = wholemodule;
				SWIFT_OPTIMIZATION_LEVEL = "-O";
				VALIDATE_PRODUCT = YES;
			};
			name = Release;
		};
		458BEB1728B7DD0000D93D1F /* Debug */ = {
			isa = XCBuildConfiguration;
			buildSettings = {
				ASSETCATALOG_COMPILER_APPICON_NAME = AppIcon;
				ASSETCATALOG_COMPILER_GLOBAL_ACCENT_COLOR_NAME = AccentColor;
				CODE_SIGN_STYLE = Automatic;
				CURRENT_PROJECT_VERSION = 1;
				DEVELOPMENT_TEAM = Y457UX6652;
				GENERATE_INFOPLIST_FILE = YES;
				INFOPLIST_FILE = "8-Custom TableView kullanımı/Info.plist";
				INFOPLIST_KEY_UIApplicationSupportsIndirectInputEvents = YES;
				INFOPLIST_KEY_UILaunchStoryboardName = LaunchScreen;
				INFOPLIST_KEY_UIMainStoryboardFile = Main;
				INFOPLIST_KEY_UISupportedInterfaceOrientations_iPad = "UIInterfaceOrientationPortrait UIInterfaceOrientationPortraitUpsideDown UIInterfaceOrientationLandscapeLeft UIInterfaceOrientationLandscapeRight";
				INFOPLIST_KEY_UISupportedInterfaceOrientations_iPhone = "UIInterfaceOrientationPortrait UIInterfaceOrientationLandscapeLeft UIInterfaceOrientationLandscapeRight";
				LD_RUNPATH_SEARCH_PATHS = (
					"$(inherited)",
					"@executable_path/Frameworks",
				);
				MARKETING_VERSION = 1.0;
				PRODUCT_BUNDLE_IDENTIFIER = "furkanc.--Custom-TableView-kullan-m-";
				PRODUCT_NAME = "$(TARGET_NAME)";
				SWIFT_EMIT_LOC_STRINGS = YES;
				SWIFT_VERSION = 5.0;
				TARGETED_DEVICE_FAMILY = "1,2";
			};
			name = Debug;
		};
		458BEB1828B7DD0000D93D1F /* Release */ = {
			isa = XCBuildConfiguration;
			buildSettings = {
				ASSETCATALOG_COMPILER_APPICON_NAME = AppIcon;
				ASSETCATALOG_COMPILER_GLOBAL_ACCENT_COLOR_NAME = AccentColor;
				CODE_SIGN_STYLE = Automatic;
				CURRENT_PROJECT_VERSION = 1;
				DEVELOPMENT_TEAM = Y457UX6652;
				GENERATE_INFOPLIST_FILE = YES;
				INFOPLIST_FILE = "8-Custom TableView kullanımı/Info.plist";
				INFOPLIST_KEY_UIApplicationSupportsIndirectInputEvents = YES;
				INFOPLIST_KEY_UILaunchStoryboardName = LaunchScreen;
				INFOPLIST_KEY_UIMainStoryboardFile = Main;
				INFOPLIST_KEY_UISupportedInterfaceOrientations_iPad = "UIInterfaceOrientationPortrait UIInterfaceOrientationPortraitUpsideDown UIInterfaceOrientationLandscapeLeft UIInterfaceOrientationLandscapeRight";
				INFOPLIST_KEY_UISupportedInterfaceOrientations_iPhone = "UIInterfaceOrientationPortrait UIInterfaceOrientationLandscapeLeft UIInterfaceOrientationLandscapeRight";
				LD_RUNPATH_SEARCH_PATHS = (
					"$(inherited)",
					"@executable_path/Frameworks",
				);
				MARKETING_VERSION = 1.0;
				PRODUCT_BUNDLE_IDENTIFIER = "furkanc.--Custom-TableView-kullan-m-";
				PRODUCT_NAME = "$(TARGET_NAME)";
				SWIFT_EMIT_LOC_STRINGS = YES;
				SWIFT_VERSION = 5.0;
				TARGETED_DEVICE_FAMILY = "1,2";
			};
			name = Release;
		};
		458BEB1A28B7DD0000D93D1F /* Debug */ = {
			isa = XCBuildConfiguration;
			buildSettings = {
				ALWAYS_EMBED_SWIFT_STANDARD_LIBRARIES = YES;
				BUNDLE_LOADER = "$(TEST_HOST)";
				CODE_SIGN_STYLE = Automatic;
				CURRENT_PROJECT_VERSION = 1;
				DEVELOPMENT_TEAM = Y457UX6652;
				GENERATE_INFOPLIST_FILE = YES;
				IPHONEOS_DEPLOYMENT_TARGET = 15.5;
				MARKETING_VERSION = 1.0;
				PRODUCT_BUNDLE_IDENTIFIER = "furkanc.--Custom-TableView-kullan-m-Tests";
				PRODUCT_NAME = "$(TARGET_NAME)";
				SWIFT_EMIT_LOC_STRINGS = NO;
				SWIFT_VERSION = 5.0;
				TARGETED_DEVICE_FAMILY = "1,2";
				TEST_HOST = "$(BUILT_PRODUCTS_DIR)/8-Custom TableView kullanımı.app/8-Custom TableView kullanımı";
			};
			name = Debug;
		};
		458BEB1B28B7DD0000D93D1F /* Release */ = {
			isa = XCBuildConfiguration;
			buildSettings = {
				ALWAYS_EMBED_SWIFT_STANDARD_LIBRARIES = YES;
				BUNDLE_LOADER = "$(TEST_HOST)";
				CODE_SIGN_STYLE = Automatic;
				CURRENT_PROJECT_VERSION = 1;
				DEVELOPMENT_TEAM = Y457UX6652;
				GENERATE_INFOPLIST_FILE = YES;
				IPHONEOS_DEPLOYMENT_TARGET = 15.5;
				MARKETING_VERSION = 1.0;
				PRODUCT_BUNDLE_IDENTIFIER = "furkanc.--Custom-TableView-kullan-m-Tests";
				PRODUCT_NAME = "$(TARGET_NAME)";
				SWIFT_EMIT_LOC_STRINGS = NO;
				SWIFT_VERSION = 5.0;
				TARGETED_DEVICE_FAMILY = "1,2";
				TEST_HOST = "$(BUILT_PRODUCTS_DIR)/8-Custom TableView kullanımı.app/8-Custom TableView kullanımı";
			};
			name = Release;
		};
		458BEB1D28B7DD0000D93D1F /* Debug */ = {
			isa = XCBuildConfiguration;
			buildSettings = {
				ALWAYS_EMBED_SWIFT_STANDARD_LIBRARIES = YES;
				CODE_SIGN_STYLE = Automatic;
				CURRENT_PROJECT_VERSION = 1;
				DEVELOPMENT_TEAM = Y457UX6652;
				GENERATE_INFOPLIST_FILE = YES;
				MARKETING_VERSION = 1.0;
				PRODUCT_BUNDLE_IDENTIFIER = "furkanc.--Custom-TableView-kullan-m-UITests";
				PRODUCT_NAME = "$(TARGET_NAME)";
				SWIFT_EMIT_LOC_STRINGS = NO;
				SWIFT_VERSION = 5.0;
				TARGETED_DEVICE_FAMILY = "1,2";
				TEST_TARGET_NAME = "8-Custom TableView kullanımı";
			};
			name = Debug;
		};
		458BEB1E28B7DD0000D93D1F /* Release */ = {
			isa = XCBuildConfiguration;
			buildSettings = {
				ALWAYS_EMBED_SWIFT_STANDARD_LIBRARIES = YES;
				CODE_SIGN_STYLE = Automatic;
				CURRENT_PROJECT_VERSION = 1;
				DEVELOPMENT_TEAM = Y457UX6652;
				GENERATE_INFOPLIST_FILE = YES;
				MARKETING_VERSION = 1.0;
				PRODUCT_BUNDLE_IDENTIFIER = "furkanc.--Custom-TableView-kullan-m-UITests";
				PRODUCT_NAME = "$(TARGET_NAME)";
				SWIFT_EMIT_LOC_STRINGS = NO;
				SWIFT_VERSION = 5.0;
				TARGETED_DEVICE_FAMILY = "1,2";
				TEST_TARGET_NAME = "8-Custom TableView kullanımı";
			};
			name = Release;
		};
/* End XCBuildConfiguration section */

/* Begin XCConfigurationList section */
		458BEAE728B7DCFF00D93D1F /* Build configuration list for PBXProject "8-Custom TableView kullanımı" */ = {
			isa = XCConfigurationList;
			buildConfigurations = (
				458BEB1428B7DD0000D93D1F /* Debug */,
				458BEB1528B7DD0000D93D1F /* Release */,
			);
			defaultConfigurationIsVisible = 0;
			defaultConfigurationName = Release;
		};
		458BEB1628B7DD0000D93D1F /* Build configuration list for PBXNativeTarget "8-Custom TableView kullanımı" */ = {
			isa = XCConfigurationList;
			buildConfigurations = (
				458BEB1728B7DD0000D93D1F /* Debug */,
				458BEB1828B7DD0000D93D1F /* Release */,
			);
			defaultConfigurationIsVisible = 0;
			defaultConfigurationName = Release;
		};
		458BEB1928B7DD0000D93D1F /* Build configuration list for PBXNativeTarget "8-Custom TableView kullanımıTests" */ = {
			isa = XCConfigurationList;
			buildConfigurations = (
				458BEB1A28B7DD0000D93D1F /* Debug */,
				458BEB1B28B7DD0000D93D1F /* Release */,
			);
			defaultConfigurationIsVisible = 0;
			defaultConfigurationName = Release;
		};
		458BEB1C28B7DD0000D93D1F /* Build configuration list for PBXNativeTarget "8-Custom TableView kullanımıUITests" */ = {
			isa = XCConfigurationList;
			buildConfigurations = (
				458BEB1D28B7DD0000D93D1F /* Debug */,
				458BEB1E28B7DD0000D93D1F /* Release */,
			);
			defaultConfigurationIsVisible = 0;
			defaultConfigurationName = Release;
		};
/* End XCConfigurationList section */
	};
	rootObject = 458BEAE428B7DCFF00D93D1F /* Project object */;
}
